// !$*UTF8*$!
{
	archiveVersion = 1;
	classes = {
	};
	objectVersion = 77;
	objects = {

/* Begin PBXBuildFile section */
		795327712FB4A902008398F3 /* BrownfieldLib.xcframework in Frameworks */ = {isa = PBXBuildFile; fileRef = 79B1D9992FB4A61400A5F42B /* BrownfieldLib.xcframework */; };
		795327722FB4A902008398F3 /* BrownfieldLib.xcframework in Embed Frameworks */ = {isa = PBXBuildFile; fileRef = 79B1D9992FB4A61400A5F42B /* BrownfieldLib.xcframework */; settings = {ATTRIBUTES = (CodeSignOnCopy, RemoveHeadersOnCopy, ); }; };
		795327732FB4A904008398F3 /* BrownfieldNavigation.xcframework in Frameworks */ = {isa = PBXBuildFile; fileRef = 79B1D99A2FB4A61400A5F42B /* BrownfieldNavigation.xcframework */; };
		795327742FB4A904008398F3 /* BrownfieldNavigation.xcframework in Embed Frameworks */ = {isa = PBXBuildFile; fileRef = 79B1D99A2FB4A61400A5F42B /* BrownfieldNavigation.xcframework */; settings = {ATTRIBUTES = (CodeSignOnCopy, RemoveHeadersOnCopy, ); }; };
		795327752FB4A905008398F3 /* Brownie.xcframework in Frameworks */ = {isa = PBXBuildFile; fileRef = 79B1D99B2FB4A61400A5F42B /* Brownie.xcframework */; };
		795327762FB4A905008398F3 /* Brownie.xcframework in Embed Frameworks */ = {isa = PBXBuildFile; fileRef = 79B1D99B2FB4A61400A5F42B /* Brownie.xcframework */; settings = {ATTRIBUTES = (CodeSignOnCopy, RemoveHeadersOnCopy, ); }; };
		795327772FB4A906008398F3 /* hermesvm.xcframework in Frameworks */ = {isa = PBXBuildFile; fileRef = 79B1D99C2FB4A61400A5F42B /* hermesvm.xcframework */; };
		795327782FB4A906008398F3 /* hermesvm.xcframework in Embed Frameworks */ = {isa = PBXBuildFile; fileRef = 79B1D99C2FB4A61400A5F42B /* hermesvm.xcframework */; settings = {ATTRIBUTES = (CodeSignOnCopy, RemoveHeadersOnCopy, ); }; };
		795327792FB4A908008398F3 /* React.xcframework in Frameworks */ = {isa = PBXBuildFile; fileRef = 79B1D99D2FB4A61400A5F42B /* React.xcframework */; };
		7953277A2FB4A908008398F3 /* React.xcframework in Embed Frameworks */ = {isa = PBXBuildFile; fileRef = 79B1D99D2FB4A61400A5F42B /* React.xcframework */; settings = {ATTRIBUTES = (CodeSignOnCopy, RemoveHeadersOnCopy, ); }; };
		7953277B2FB4A909008398F3 /* ReactBrownfield.xcframework in Frameworks */ = {isa = PBXBuildFile; fileRef = 79B1D99E2FB4A61400A5F42B /* ReactBrownfield.xcframework */; };
		7953277C2FB4A909008398F3 /* ReactBrownfield.xcframework in Embed Frameworks */ = {isa = PBXBuildFile; fileRef = 79B1D99E2FB4A61400A5F42B /* ReactBrownfield.xcframework */; settings = {ATTRIBUTES = (CodeSignOnCopy, RemoveHeadersOnCopy, ); }; };
		7953277D2FB4A90A008398F3 /* ReactNativeDependencies.xcframework in Frameworks */ = {isa = PBXBuildFile; fileRef = 79B1D99F2FB4A61400A5F42B /* ReactNativeDependencies.xcframework */; };
		7953277E2FB4A90A008398F3 /* ReactNativeDependencies.xcframework in Embed Frameworks */ = {isa = PBXBuildFile; fileRef = 79B1D99F2FB4A61400A5F42B /* ReactNativeDependencies.xcframework */; settings = {ATTRIBUTES = (CodeSignOnCopy, RemoveHeadersOnCopy, ); }; };
		79B8BE6B2FB7270E00B94C6F /* Brownie.xcframework in Frameworks */ = {isa = PBXBuildFile; fileRef = 79B1D99B2FB4A61400A5F42B /* Brownie.xcframework */; };
		79B8BE6C2FB7270E00B94C6F /* BrownfieldNavigation.xcframework in Frameworks */ = {isa = PBXBuildFile; fileRef = 79B1D99A2FB4A61400A5F42B /* BrownfieldNavigation.xcframework */; };
		79B8BE6E2FB7270E00B94C6F /* hermesvm.xcframework in Frameworks */ = {isa = PBXBuildFile; fileRef = 79B1D99C2FB4A61400A5F42B /* hermesvm.xcframework */; };
		79B8BE6F2FB7270E00B94C6F /* ReactBrownfield.xcframework in Frameworks */ = {isa = PBXBuildFile; fileRef = 79B1D99E2FB4A61400A5F42B /* ReactBrownfield.xcframework */; };
		79B8BE702FB7270E00B94C6F /* BrownfieldLib.xcframework in Frameworks */ = {isa = PBXBuildFile; fileRef = 79B1D9992FB4A61400A5F42B /* BrownfieldLib.xcframework */; };
		79B8BE742FB7270E00B94C6F /* Brownie.xcframework in Embed Frameworks */ = {isa = PBXBuildFile; fileRef = 79B1D99B2FB4A61400A5F42B /* Brownie.xcframework */; settings = {ATTRIBUTES = (CodeSignOnCopy, RemoveHeadersOnCopy, ); }; };
		79B8BE752FB7270E00B94C6F /* ReactBrownfield.xcframework in Embed Frameworks */ = {isa = PBXBuildFile; fileRef = 79B1D99E2FB4A61400A5F42B /* ReactBrownfield.xcframework */; settings = {ATTRIBUTES = (CodeSignOnCopy, RemoveHeadersOnCopy, ); }; };
		79B8BE772FB7270E00B94C6F /* BrownfieldNavigation.xcframework in Embed Frameworks */ = {isa = PBXBuildFile; fileRef = 79B1D99A2FB4A61400A5F42B /* BrownfieldNavigation.xcframework */; settings = {ATTRIBUTES = (CodeSignOnCopy, RemoveHeadersOnCopy, ); }; };
		79B8BE782FB7270E00B94C6F /* hermesvm.xcframework in Embed Frameworks */ = {isa = PBXBuildFile; fileRef = 79B1D99C2FB4A61400A5F42B /* hermesvm.xcframework */; settings = {ATTRIBUTES = (CodeSignOnCopy, RemoveHeadersOnCopy, ); }; };
		79B8BE792FB7270E00B94C6F /* BrownfieldLib.xcframework in Embed Frameworks */ = {isa = PBXBuildFile; fileRef = 79B1D9992FB4A61400A5F42B /* BrownfieldLib.xcframework */; settings = {ATTRIBUTES = (CodeSignOnCopy, RemoveHeadersOnCopy, ); }; };
		79B8BE862FB7273600B94C6F /* Brownie.xcframework in Frameworks */ = {isa = PBXBuildFile; fileRef = 79B1D99B2FB4A61400A5F42B /* Brownie.xcframework */; };
		79B8BE872FB7273600B94C6F /* BrownfieldNavigation.xcframework in Frameworks */ = {isa = PBXBuildFile; fileRef = 79B1D99A2FB4A61400A5F42B /* BrownfieldNavigation.xcframework */; };
		79B8BE882FB7273600B94C6F /* ReactNativeDependencies.xcframework in Frameworks */ = {isa = PBXBuildFile; fileRef = 79B1D99F2FB4A61400A5F42B /* ReactNativeDependencies.xcframework */; };
		79B8BE892FB7273600B94C6F /* hermesvm.xcframework in Frameworks */ = {isa = PBXBuildFile; fileRef = 79B1D99C2FB4A61400A5F42B /* hermesvm.xcframework */; };
		79B8BE8A2FB7273600B94C6F /* ReactBrownfield.xcframework in Frameworks */ = {isa = PBXBuildFile; fileRef = 79B1D99E2FB4A61400A5F42B /* ReactBrownfield.xcframework */; };
		79B8BE8B2FB7273600B94C6F /* BrownfieldLib.xcframework in Frameworks */ = {isa = PBXBuildFile; fileRef = 79B1D9992FB4A61400A5F42B /* BrownfieldLib.xcframework */; };
		79B8BE8C2FB7273600B94C6F /* React.xcframework in Frameworks */ = {isa = PBXBuildFile; fileRef = 79B1D99D2FB4A61400A5F42B /* React.xcframework */; };
		79B8BE8F2FB7273600B94C6F /* Brownie.xcframework in Embed Frameworks */ = {isa = PBXBuildFile; fileRef = 79B1D99B2FB4A61400A5F42B /* Brownie.xcframework */; settings = {ATTRIBUTES = (CodeSignOnCopy, RemoveHeadersOnCopy, ); }; };
		79B8BE902FB7273600B94C6F /* ReactBrownfield.xcframework in Embed Frameworks */ = {isa = PBXBuildFile; fileRef = 79B1D99E2FB4A61400A5F42B /* ReactBrownfield.xcframework */; settings = {ATTRIBUTES = (CodeSignOnCopy, RemoveHeadersOnCopy, ); }; };
		79B8BE912FB7273600B94C6F /* ReactNativeDependencies.xcframework in Embed Frameworks */ = {isa = PBXBuildFile; fileRef = 79B1D99F2FB4A61400A5F42B /* ReactNativeDependencies.xcframework */; settings = {ATTRIBUTES = (CodeSignOnCopy, RemoveHeadersOnCopy, ); }; };
		79B8BE922FB7273600B94C6F /* BrownfieldNavigation.xcframework in Embed Frameworks */ = {isa = PBXBuildFile; fileRef = 79B1D99A2FB4A61400A5F42B /* BrownfieldNavigation.xcframework */; settings = {ATTRIBUTES = (CodeSignOnCopy, RemoveHeadersOnCopy, ); }; };
		79B8BE932FB7273600B94C6F /* hermesvm.xcframework in Embed Frameworks */ = {isa = PBXBuildFile; fileRef = 79B1D99C2FB4A61400A5F42B /* hermesvm.xcframework */; settings = {ATTRIBUTES = (CodeSignOnCopy, RemoveHeadersOnCopy, ); }; };
		79B8BE942FB7273600B94C6F /* BrownfieldLib.xcframework in Embed Frameworks */ = {isa = PBXBuildFile; fileRef = 79B1D9992FB4A61400A5F42B /* BrownfieldLib.xcframework */; settings = {ATTRIBUTES = (CodeSignOnCopy, RemoveHeadersOnCopy, ); }; };
		79B8BE952FB7273600B94C6F /* React.xcframework in Embed Frameworks */ = {isa = PBXBuildFile; fileRef = 79B1D99D2FB4A61400A5F42B /* React.xcframework */; settings = {ATTRIBUTES = (CodeSignOnCopy, RemoveHeadersOnCopy, ); }; };
		7A1B2C3D4E5F60718293A101 /* Brownie.xcframework in Frameworks */ = {isa = PBXBuildFile; fileRef = 79B1D99B2FB4A61400A5F42B /* Brownie.xcframework */; };
		7A1B2C3D4E5F60718293A102 /* BrownfieldNavigation.xcframework in Frameworks */ = {isa = PBXBuildFile; fileRef = 79B1D99A2FB4A61400A5F42B /* BrownfieldNavigation.xcframework */; };
		7A1B2C3D4E5F60718293A103 /* ReactNativeDependencies.xcframework in Frameworks */ = {isa = PBXBuildFile; fileRef = 79B1D99F2FB4A61400A5F42B /* ReactNativeDependencies.xcframework */; };
		7A1B2C3D4E5F60718293A104 /* hermesvm.xcframework in Frameworks */ = {isa = PBXBuildFile; fileRef = 79B1D99C2FB4A61400A5F42B /* hermesvm.xcframework */; };
		7A1B2C3D4E5F60718293A105 /* ReactBrownfield.xcframework in Frameworks */ = {isa = PBXBuildFile; fileRef = 79B1D99E2FB4A61400A5F42B /* ReactBrownfield.xcframework */; };
		7A1B2C3D4E5F60718293A106 /* BrownfieldLib.xcframework in Frameworks */ = {isa = PBXBuildFile; fileRef = 79B1D9992FB4A61400A5F42B /* BrownfieldLib.xcframework */; };
		7A1B2C3D4E5F60718293A107 /* React.xcframework in Frameworks */ = {isa = PBXBuildFile; fileRef = 79B1D99D2FB4A61400A5F42B /* React.xcframework */; };
		7A1B2C3D4E5F60718293A108 /* Brownie.xcframework in Embed Frameworks */ = {isa = PBXBuildFile; fileRef = 79B1D99B2FB4A61400A5F42B /* Brownie.xcframework */; settings = {ATTRIBUTES = (CodeSignOnCopy, RemoveHeadersOnCopy, ); }; };
		7A1B2C3D4E5F60718293A109 /* ReactBrownfield.xcframework in Embed Frameworks */ = {isa = PBXBuildFile; fileRef = 79B1D99E2FB4A61400A5F42B /* ReactBrownfield.xcframework */; settings = {ATTRIBUTES = (CodeSignOnCopy, RemoveHeadersOnCopy, ); }; };
		7A1B2C3D4E5F60718293A10A /* ReactNativeDependencies.xcframework in Embed Frameworks */ = {isa = PBXBuildFile; fileRef = 79B1D99F2FB4A61400A5F42B /* ReactNativeDependencies.xcframework */; settings = {ATTRIBUTES = (CodeSignOnCopy, RemoveHeadersOnCopy, ); }; };
		7A1B2C3D4E5F60718293A10B /* BrownfieldNavigation.xcframework in Embed Frameworks */ = {isa = PBXBuildFile; fileRef = 79B1D99A2FB4A61400A5F42B /* BrownfieldNavigation.xcframework */; settings = {ATTRIBUTES = (CodeSignOnCopy, RemoveHeadersOnCopy, ); }; };
		7A1B2C3D4E5F60718293A10C /* hermesvm.xcframework in Embed Frameworks */ = {isa = PBXBuildFile; fileRef = 79B1D99C2FB4A61400A5F42B /* hermesvm.xcframework */; settings = {ATTRIBUTES = (CodeSignOnCopy, RemoveHeadersOnCopy, ); }; };
		7A1B2C3D4E5F60718293A10D /* BrownfieldLib.xcframework in Embed Frameworks */ = {isa = PBXBuildFile; fileRef = 79B1D9992FB4A61400A5F42B /* BrownfieldLib.xcframework */; settings = {ATTRIBUTES = (CodeSignOnCopy, RemoveHeadersOnCopy, ); }; };
		7A1B2C3D4E5F60718293A10E /* React.xcframework in Embed Frameworks */ = {isa = PBXBuildFile; fileRef = 79B1D99D2FB4A61400A5F42B /* React.xcframework */; settings = {ATTRIBUTES = (CodeSignOnCopy, RemoveHeadersOnCopy, ); }; };
/* End PBXBuildFile section */

/* Begin PBXCopyFilesBuildPhase section */
		79688AB82FB3EA8400D728BD /* Embed Frameworks */ = {
			isa = PBXCopyFilesBuildPhase;
			buildActionMask = 2147483647;
			dstPath = "";
			dstSubfolderSpec = 10;
			files = (
				795327762FB4A905008398F3 /* Brownie.xcframework in Embed Frameworks */,
				7953277C2FB4A909008398F3 /* ReactBrownfield.xcframework in Embed Frameworks */,
				7953277E2FB4A90A008398F3 /* ReactNativeDependencies.xcframework in Embed Frameworks */,
				795327742FB4A904008398F3 /* BrownfieldNavigation.xcframework in Embed Frameworks */,
				795327782FB4A906008398F3 /* hermesvm.xcframework in Embed Frameworks */,
				795327722FB4A902008398F3 /* BrownfieldLib.xcframework in Embed Frameworks */,
				7953277A2FB4A908008398F3 /* React.xcframework in Embed Frameworks */,
			);
			name = "Embed Frameworks";
			runOnlyForDeploymentPostprocessing = 0;
		};
		79B8BE732FB7270E00B94C6F /* Embed Frameworks */ = {
			isa = PBXCopyFilesBuildPhase;
			buildActionMask = 2147483647;
			dstPath = "";
			dstSubfolderSpec = 10;
			files = (
				79B8BE742FB7270E00B94C6F /* Brownie.xcframework in Embed Frameworks */,
				79B8BE752FB7270E00B94C6F /* ReactBrownfield.xcframework in Embed Frameworks */,
				79B8BE772FB7270E00B94C6F /* BrownfieldNavigation.xcframework in Embed Frameworks */,
				79B8BE782FB7270E00B94C6F /* hermesvm.xcframework in Embed Frameworks */,
				79B8BE792FB7270E00B94C6F /* BrownfieldLib.xcframework in Embed Frameworks */,
			);
			name = "Embed Frameworks";
			runOnlyForDeploymentPostprocessing = 0;
		};
		79B8BE8E2FB7273600B94C6F /* Embed Frameworks */ = {
			isa = PBXCopyFilesBuildPhase;
			buildActionMask = 2147483647;
			dstPath = "";
			dstSubfolderSpec = 10;
			files = (
				79B8BE8F2FB7273600B94C6F /* Brownie.xcframework in Embed Frameworks */,
				79B8BE902FB7273600B94C6F /* ReactBrownfield.xcframework in Embed Frameworks */,
				79B8BE912FB7273600B94C6F /* ReactNativeDependencies.xcframework in Embed Frameworks */,
				79B8BE922FB7273600B94C6F /* BrownfieldNavigation.xcframework in Embed Frameworks */,
				79B8BE932FB7273600B94C6F /* hermesvm.xcframework in Embed Frameworks */,
				79B8BE942FB7273600B94C6F /* BrownfieldLib.xcframework in Embed Frameworks */,
				79B8BE952FB7273600B94C6F /* React.xcframework in Embed Frameworks */,
			);
			name = "Embed Frameworks";
			runOnlyForDeploymentPostprocessing = 0;
		};
		7A1B2C3D4E5F60718293A201 /* Embed Frameworks */ = {
			isa = PBXCopyFilesBuildPhase;
			buildActionMask = 2147483647;
			dstPath = "";
			dstSubfolderSpec = 10;
			files = (
				7A1B2C3D4E5F60718293A108 /* Brownie.xcframework in Embed Frameworks */,
				7A1B2C3D4E5F60718293A109 /* ReactBrownfield.xcframework in Embed Frameworks */,
				7A1B2C3D4E5F60718293A10A /* ReactNativeDependencies.xcframework in Embed Frameworks */,
				7A1B2C3D4E5F60718293A10B /* BrownfieldNavigation.xcframework in Embed Frameworks */,
				7A1B2C3D4E5F60718293A10C /* hermesvm.xcframework in Embed Frameworks */,
				7A1B2C3D4E5F60718293A10D /* BrownfieldLib.xcframework in Embed Frameworks */,
				7A1B2C3D4E5F60718293A10E /* React.xcframework in Embed Frameworks */,
			);
			name = "Embed Frameworks";
			runOnlyForDeploymentPostprocessing = 0;
		};
/* End PBXCopyFilesBuildPhase section */

/* Begin PBXFileReference section */
		793C76A72EEBF938008A2A34 /* Brownfield Apple App (RNApp).app */ = {isa = PBXFileReference; explicitFileType = wrapper.application; includeInIndex = 0; path = "Brownfield Apple App (RNApp).app"; sourceTree = BUILT_PRODUCTS_DIR; };
		79B1D9992FB4A61400A5F42B /* BrownfieldLib.xcframework */ = {isa = PBXFileReference; lastKnownFileType = wrapper.xcframework; name = BrownfieldLib.xcframework; path = package/BrownfieldLib.xcframework; sourceTree = "<group>"; };
		79B1D99A2FB4A61400A5F42B /* BrownfieldNavigation.xcframework */ = {isa = PBXFileReference; lastKnownFileType = wrapper.xcframework; name = BrownfieldNavigation.xcframework; path = package/BrownfieldNavigation.xcframework; sourceTree = "<group>"; };
		79B1D99B2FB4A61400A5F42B /* Brownie.xcframework */ = {isa = PBXFileReference; lastKnownFileType = wrapper.xcframework; name = Brownie.xcframework; path = package/Brownie.xcframework; sourceTree = "<group>"; };
		79B1D99C2FB4A61400A5F42B /* hermesvm.xcframework */ = {isa = PBXFileReference; lastKnownFileType = wrapper.xcframework; name = hermesvm.xcframework; path = package/hermesvm.xcframework; sourceTree = "<group>"; };
		79B1D99D2FB4A61400A5F42B /* React.xcframework */ = {isa = PBXFileReference; lastKnownFileType = wrapper.xcframework; name = React.xcframework; path = package/React.xcframework; sourceTree = "<group>"; };
		79B1D99E2FB4A61400A5F42B /* ReactBrownfield.xcframework */ = {isa = PBXFileReference; lastKnownFileType = wrapper.xcframework; name = ReactBrownfield.xcframework; path = package/ReactBrownfield.xcframework; sourceTree = "<group>"; };
		79B1D99F2FB4A61400A5F42B /* ReactNativeDependencies.xcframework */ = {isa = PBXFileReference; lastKnownFileType = wrapper.xcframework; name = ReactNativeDependencies.xcframework; path = package/ReactNativeDependencies.xcframework; sourceTree = "<group>"; };
		79B8BE802FB7270E00B94C6F /* Brownfield Apple App (ExpoApp54).app */ = {isa = PBXFileReference; explicitFileType = wrapper.application; includeInIndex = 0; path = "Brownfield Apple App (ExpoApp54).app"; sourceTree = BUILT_PRODUCTS_DIR; };
		79B8BE9B2FB7273600B94C6F /* Brownfield Apple App (ExpoApp55).app */ = {isa = PBXFileReference; explicitFileType = wrapper.application; includeInIndex = 0; path = "Brownfield Apple App (ExpoApp55).app"; sourceTree = BUILT_PRODUCTS_DIR; };
		7A1B2C3D4E5F60718293A202 /* Brownfield Apple App (ExpoAppBeta).app */ = {isa = PBXFileReference; explicitFileType = wrapper.application; includeInIndex = 0; path = "Brownfield Apple App (ExpoAppBeta).app"; sourceTree = BUILT_PRODUCTS_DIR; };
/* End PBXFileReference section */

/* Begin PBXFileSystemSynchronizedBuildFileExceptionSet section */
		79B8BE822FB7270F00B94C6F /* Exceptions for "Brownfield Apple App" folder in "Brownfield Apple App (ExpoApp54)" target */ = {
			isa = PBXFileSystemSynchronizedBuildFileExceptionSet;
			membershipExceptions = (
				Assets.xcassets,
				BrownfieldAppleApp.swift,
				components/ContentView.swift,
				components/GreetingCard.swift,
				components/MaterialCard.swift,
				components/MessagesView.swift,
				components/ReferralsScreen.swift,
				components/SettingsScreen.swift,
				components/Toast.swift,
			);
			target = 79B8BE682FB7270E00B94C6F /* Brownfield Apple App (ExpoApp54) */;
		};
		79B8BE9C2FB7273600B94C6F /* Exceptions for "Brownfield Apple App" folder in "Brownfield Apple App (ExpoApp55)" target */ = {
			isa = PBXFileSystemSynchronizedBuildFileExceptionSet;
			membershipExceptions = (
				Assets.xcassets,
				BrownfieldAppleApp.swift,
				components/ContentView.swift,
				components/GreetingCard.swift,
				components/MaterialCard.swift,
				components/MessagesView.swift,
				components/ReferralsScreen.swift,
				components/SettingsScreen.swift,
				components/Toast.swift,
			);
			target = 79B8BE832FB7273600B94C6F /* Brownfield Apple App (ExpoApp55) */;
		};
		7A1B2C3D4E5F60718293A203 /* Exceptions for "Brownfield Apple App" folder in "Brownfield Apple App (ExpoAppBeta)" target */ = {
			isa = PBXFileSystemSynchronizedBuildFileExceptionSet;
			membershipExceptions = (
				Assets.xcassets,
				BrownfieldAppleApp.swift,
				components/ContentView.swift,
				components/GreetingCard.swift,
				components/MaterialCard.swift,
				components/MessagesView.swift,
				components/ReferralsScreen.swift,
				components/SettingsScreen.swift,
				components/Toast.swift,
			);
			target = 7A1B2C3D4E5F60718293A301 /* Brownfield Apple App (ExpoAppBeta) */;
		};
/* End PBXFileSystemSynchronizedBuildFileExceptionSet section */

/* Begin PBXFileSystemSynchronizedRootGroup section */
		793C76A92EEBF938008A2A34 /* Brownfield Apple App */ = {
			isa = PBXFileSystemSynchronizedRootGroup;
			exceptions = (
				79B8BE822FB7270F00B94C6F /* Exceptions for "Brownfield Apple App" folder in "Brownfield Apple App (ExpoApp54)" target */,
				79B8BE9C2FB7273600B94C6F /* Exceptions for "Brownfield Apple App" folder in "Brownfield Apple App (ExpoApp55)" target */,
				7A1B2C3D4E5F60718293A203 /* Exceptions for "Brownfield Apple App" folder in "Brownfield Apple App (ExpoAppBeta)" target */,
			);
			path = "Brownfield Apple App";
			sourceTree = "<group>";
		};
/* End PBXFileSystemSynchronizedRootGroup section */

/* Begin PBXFrameworksBuildPhase section */
		793C76A42EEBF938008A2A34 /* Frameworks */ = {
			isa = PBXFrameworksBuildPhase;
			buildActionMask = 2147483647;
			files = (
				795327752FB4A905008398F3 /* Brownie.xcframework in Frameworks */,
				795327732FB4A904008398F3 /* BrownfieldNavigation.xcframework in Frameworks */,
				7953277D2FB4A90A008398F3 /* ReactNativeDependencies.xcframework in Frameworks */,
				795327772FB4A906008398F3 /* hermesvm.xcframework in Frameworks */,
				7953277B2FB4A909008398F3 /* ReactBrownfield.xcframework in Frameworks */,
				795327712FB4A902008398F3 /* BrownfieldLib.xcframework in Frameworks */,
				795327792FB4A908008398F3 /* React.xcframework in Frameworks */,
			);
			runOnlyForDeploymentPostprocessing = 0;
		};
		79B8BE6A2FB7270E00B94C6F /* Frameworks */ = {
			isa = PBXFrameworksBuildPhase;
			buildActionMask = 2147483647;
			files = (
				79B8BE6B2FB7270E00B94C6F /* Brownie.xcframework in Frameworks */,
				79B8BE6C2FB7270E00B94C6F /* BrownfieldNavigation.xcframework in Frameworks */,
				79B8BE6E2FB7270E00B94C6F /* hermesvm.xcframework in Frameworks */,
				79B8BE6F2FB7270E00B94C6F /* ReactBrownfield.xcframework in Frameworks */,
				79B8BE702FB7270E00B94C6F /* BrownfieldLib.xcframework in Frameworks */,
			);
			runOnlyForDeploymentPostprocessing = 0;
		};
		79B8BE852FB7273600B94C6F /* Frameworks */ = {
			isa = PBXFrameworksBuildPhase;
			buildActionMask = 2147483647;
			files = (
				79B8BE862FB7273600B94C6F /* Brownie.xcframework in Frameworks */,
				79B8BE872FB7273600B94C6F /* BrownfieldNavigation.xcframework in Frameworks */,
				79B8BE882FB7273600B94C6F /* ReactNativeDependencies.xcframework in Frameworks */,
				79B8BE892FB7273600B94C6F /* hermesvm.xcframework in Frameworks */,
				79B8BE8A2FB7273600B94C6F /* ReactBrownfield.xcframework in Frameworks */,
				79B8BE8B2FB7273600B94C6F /* BrownfieldLib.xcframework in Frameworks */,
				79B8BE8C2FB7273600B94C6F /* React.xcframework in Frameworks */,
			);
			runOnlyForDeploymentPostprocessing = 0;
		};
		7A1B2C3D4E5F60718293A204 /* Frameworks */ = {
			isa = PBXFrameworksBuildPhase;
			buildActionMask = 2147483647;
			files = (
				7A1B2C3D4E5F60718293A101 /* Brownie.xcframework in Frameworks */,
				7A1B2C3D4E5F60718293A102 /* BrownfieldNavigation.xcframework in Frameworks */,
				7A1B2C3D4E5F60718293A103 /* ReactNativeDependencies.xcframework in Frameworks */,
				7A1B2C3D4E5F60718293A104 /* hermesvm.xcframework in Frameworks */,
				7A1B2C3D4E5F60718293A105 /* ReactBrownfield.xcframework in Frameworks */,
				7A1B2C3D4E5F60718293A106 /* BrownfieldLib.xcframework in Frameworks */,
				7A1B2C3D4E5F60718293A107 /* React.xcframework in Frameworks */,
			);
			runOnlyForDeploymentPostprocessing = 0;
		};
/* End PBXFrameworksBuildPhase section */

/* Begin PBXGroup section */
		6108E5322F40A26800EA8FA1 /* Frameworks */ = {
			isa = PBXGroup;
			children = (
				79B1D9992FB4A61400A5F42B /* BrownfieldLib.xcframework */,
				79B1D99A2FB4A61400A5F42B /* BrownfieldNavigation.xcframework */,
				79B1D99B2FB4A61400A5F42B /* Brownie.xcframework */,
				79B1D99C2FB4A61400A5F42B /* hermesvm.xcframework */,
				79B1D99D2FB4A61400A5F42B /* React.xcframework */,
				79B1D99E2FB4A61400A5F42B /* ReactBrownfield.xcframework */,
				79B1D99F2FB4A61400A5F42B /* ReactNativeDependencies.xcframework */,
			);
			name = Frameworks;
			sourceTree = "<group>";
		};
		793C769E2EEBF938008A2A34 = {
			isa = PBXGroup;
			children = (
				793C76A92EEBF938008A2A34 /* Brownfield Apple App */,
				6108E5322F40A26800EA8FA1 /* Frameworks */,
				793C76A82EEBF938008A2A34 /* Products */,
			);
			sourceTree = "<group>";
		};
		793C76A82EEBF938008A2A34 /* Products */ = {
			isa = PBXGroup;
			children = (
				793C76A72EEBF938008A2A34 /* Brownfield Apple App (RNApp).app */,
				79B8BE802FB7270E00B94C6F /* Brownfield Apple App (ExpoApp54).app */,
				79B8BE9B2FB7273600B94C6F /* Brownfield Apple App (ExpoApp55).app */,
				7A1B2C3D4E5F60718293A202 /* Brownfield Apple App (ExpoAppBeta).app */,
			);
			name = Products;
			sourceTree = "<group>";
		};
/* End PBXGroup section */

/* Begin PBXNativeTarget section */
		793C76A62EEBF938008A2A34 /* Brownfield Apple App (RNApp) */ = {
			isa = PBXNativeTarget;
			buildConfigurationList = 793C76B22EEBF939008A2A34 /* Build configuration list for PBXNativeTarget "Brownfield Apple App (RNApp)" */;
			buildPhases = (
				793C76A32EEBF938008A2A34 /* Sources */,
				793C76A42EEBF938008A2A34 /* Frameworks */,
				793C76A52EEBF938008A2A34 /* Resources */,
				79688AB82FB3EA8400D728BD /* Embed Frameworks */,
			);
			buildRules = (
			);
			dependencies = (
			);
			fileSystemSynchronizedGroups = (
				793C76A92EEBF938008A2A34 /* Brownfield Apple App */,
			);
			name = "Brownfield Apple App (RNApp)";
			packageProductDependencies = (
			);
			productName = "Brownfield Apple App";
			productReference = 793C76A72EEBF938008A2A34 /* Brownfield Apple App (RNApp).app */;
			productType = "com.apple.product-type.application";
		};
		79B8BE682FB7270E00B94C6F /* Brownfield Apple App (ExpoApp54) */ = {
			isa = PBXNativeTarget;
			buildConfigurationList = 79B8BE7B2FB7270E00B94C6F /* Build configuration list for PBXNativeTarget "Brownfield Apple App (ExpoApp54)" */;
			buildPhases = (
				79B8BE692FB7270E00B94C6F /* Sources */,
				79B8BE6A2FB7270E00B94C6F /* Frameworks */,
				79B8BE722FB7270E00B94C6F /* Resources */,
				79B8BE732FB7270E00B94C6F /* Embed Frameworks */,
			);
			buildRules = (
			);
			dependencies = (
			);
			fileSystemSynchronizedGroups = (
				793C76A92EEBF938008A2A34 /* Brownfield Apple App */,
			);
			name = "Brownfield Apple App (ExpoApp54)";
			packageProductDependencies = (
			);
			productName = "Brownfield Apple App";
			productReference = 79B8BE802FB7270E00B94C6F /* Brownfield Apple App (ExpoApp54).app */;
			productType = "com.apple.product-type.application";
		};
		79B8BE832FB7273600B94C6F /* Brownfield Apple App (ExpoApp55) */ = {
			isa = PBXNativeTarget;
			buildConfigurationList = 79B8BE962FB7273600B94C6F /* Build configuration list for PBXNativeTarget "Brownfield Apple App (ExpoApp55)" */;
			buildPhases = (
				79B8BE842FB7273600B94C6F /* Sources */,
				79B8BE852FB7273600B94C6F /* Frameworks */,
				79B8BE8D2FB7273600B94C6F /* Resources */,
				79B8BE8E2FB7273600B94C6F /* Embed Frameworks */,
			);
			buildRules = (
			);
			dependencies = (
			);
			fileSystemSynchronizedGroups = (
				793C76A92EEBF938008A2A34 /* Brownfield Apple App */,
			);
			name = "Brownfield Apple App (ExpoApp55)";
			packageProductDependencies = (
			);
			productName = "Brownfield Apple App";
			productReference = 79B8BE9B2FB7273600B94C6F /* Brownfield Apple App (ExpoApp55).app */;
			productType = "com.apple.product-type.application";
		};
		7A1B2C3D4E5F60718293A301 /* Brownfield Apple App (ExpoAppBeta) */ = {
			isa = PBXNativeTarget;
			buildConfigurationList = 7A1B2C3D4E5F60718293A405 /* Build configuration list for PBXNativeTarget "Brownfield Apple App (ExpoAppBeta)" */;
			buildPhases = (
				7A1B2C3D4E5F60718293A302 /* Sources */,
				7A1B2C3D4E5F60718293A204 /* Frameworks */,
				7A1B2C3D4E5F60718293A303 /* Resources */,
				7A1B2C3D4E5F60718293A201 /* Embed Frameworks */,
			);
			buildRules = (
			);
			dependencies = (
			);
			fileSystemSynchronizedGroups = (
				793C76A92EEBF938008A2A34 /* Brownfield Apple App */,
			);
			name = "Brownfield Apple App (ExpoAppBeta)";
			packageProductDependencies = (
			);
			productName = "Brownfield Apple App";
			productReference = 7A1B2C3D4E5F60718293A202 /* Brownfield Apple App (ExpoAppBeta).app */;
			productType = "com.apple.product-type.application";
		};
/* End PBXNativeTarget section */

/* Begin PBXProject section */
		793C769F2EEBF938008A2A34 /* Project object */ = {
			isa = PBXProject;
			attributes = {
				BuildIndependentTargetsInParallel = 1;
				LastSwiftUpdateCheck = 2610;
				LastUpgradeCheck = 2620;
				TargetAttributes = {
					793C76A62EEBF938008A2A34 = {
						CreatedOnToolsVersion = 26.1.1;
					};
				};
			};
			buildConfigurationList = 793C76A22EEBF938008A2A34 /* Build configuration list for PBXProject "Brownfield Apple App" */;
			developmentRegion = en;
			hasScannedForEncodings = 0;
			knownRegions = (
				en,
				Base,
			);
			mainGroup = 793C769E2EEBF938008A2A34;
			minimizedProjectReferenceProxies = 1;
			preferredProjectObjectVersion = 77;
			productRefGroup = 793C76A82EEBF938008A2A34 /* Products */;
			projectDirPath = "";
			projectRoot = "";
				targets = (
					793C76A62EEBF938008A2A34 /* Brownfield Apple App (RNApp) */,
					79B8BE682FB7270E00B94C6F /* Brownfield Apple App (ExpoApp54) */,
					79B8BE832FB7273600B94C6F /* Brownfield Apple App (ExpoApp55) */,
					7A1B2C3D4E5F60718293A301 /* Brownfield Apple App (ExpoAppBeta) */,
				);

		};
/* End PBXProject section */

/* Begin PBXResourcesBuildPhase section */
		793C76A52EEBF938008A2A34 /* Resources */ = {
			isa = PBXResourcesBuildPhase;
			buildActionMask = 2147483647;
			files = (
			);
			runOnlyForDeploymentPostprocessing = 0;
		};
		79B8BE722FB7270E00B94C6F /* Resources */ = {
			isa = PBXResourcesBuildPhase;
			buildActionMask = 2147483647;
			files = (
			);
			runOnlyForDeploymentPostprocessing = 0;
		};
		79B8BE8D2FB7273600B94C6F /* Resources */ = {
			isa = PBXResourcesBuildPhase;
			buildActionMask = 2147483647;
			files = (
			);
			runOnlyForDeploymentPostprocessing = 0;
		};
		7A1B2C3D4E5F60718293A303 /* Resources */ = {
			isa = PBXResourcesBuildPhase;
			buildActionMask = 2147483647;
			files = (
			);
			runOnlyForDeploymentPostprocessing = 0;
		};
/* End PBXResourcesBuildPhase section */

/* Begin PBXSourcesBuildPhase section */
		793C76A32EEBF938008A2A34 /* Sources */ = {
			isa = PBXSourcesBuildPhase;
			buildActionMask = 2147483647;
			files = (
			);
			runOnlyForDeploymentPostprocessing = 0;
		};
		79B8BE692FB7270E00B94C6F /* Sources */ = {
			isa = PBXSourcesBuildPhase;
			buildActionMask = 2147483647;
			files = (
			);
			runOnlyForDeploymentPostprocessing = 0;
		};
		79B8BE842FB7273600B94C6F /* Sources */ = {
			isa = PBXSourcesBuildPhase;
			buildActionMask = 2147483647;
			files = (
			);
			runOnlyForDeploymentPostprocessing = 0;
		};
		7A1B2C3D4E5F60718293A302 /* Sources */ = {
			isa = PBXSourcesBuildPhase;
			buildActionMask = 2147483647;
			files = (
			);
			runOnlyForDeploymentPostprocessing = 0;
		};
/* End PBXSourcesBuildPhase section */

/* Begin XCBuildConfiguration section */
		793C76B02EEBF939008A2A34 /* Debug Expo */ = {
			isa = XCBuildConfiguration;
			buildSettings = {
				ALWAYS_SEARCH_USER_PATHS = NO;
				ASSETCATALOG_COMPILER_GENERATE_SWIFT_ASSET_SYMBOL_EXTENSIONS = YES;
				CLANG_ANALYZER_NONNULL = YES;
				CLANG_ANALYZER_NUMBER_OBJECT_CONVERSION = YES_AGGRESSIVE;
				CLANG_CXX_LANGUAGE_STANDARD = "gnu++20";
				CLANG_ENABLE_MODULES = YES;
				CLANG_ENABLE_OBJC_ARC = YES;
				CLANG_ENABLE_OBJC_WEAK = YES;
				CLANG_WARN_BLOCK_CAPTURE_AUTORELEASING = YES;
				CLANG_WARN_BOOL_CONVERSION = YES;
				CLANG_WARN_COMMA = YES;
				CLANG_WARN_CONSTANT_CONVERSION = YES;
				CLANG_WARN_DEPRECATED_OBJC_IMPLEMENTATIONS = YES;
				CLANG_WARN_DIRECT_OBJC_ISA_USAGE = YES_ERROR;
				CLANG_WARN_DOCUMENTATION_COMMENTS = YES;
				CLANG_WARN_EMPTY_BODY = YES;
				CLANG_WARN_ENUM_CONVERSION = YES;
				CLANG_WARN_INFINITE_RECURSION = YES;
				CLANG_WARN_INT_CONVERSION = YES;
				CLANG_WARN_NON_LITERAL_NULL_CONVERSION = YES;
				CLANG_WARN_OBJC_IMPLICIT_RETAIN_SELF = YES;
				CLANG_WARN_OBJC_LITERAL_CONVERSION = YES;
				CLANG_WARN_OBJC_ROOT_CLASS = YES_ERROR;
				CLANG_WARN_QUOTED_INCLUDE_IN_FRAMEWORK_HEADER = YES;
				CLANG_WARN_RANGE_LOOP_ANALYSIS = YES;
				CLANG_WARN_STRICT_PROTOTYPES = YES;
				CLANG_WARN_SUSPICIOUS_MOVE = YES;
				CLANG_WARN_UNGUARDED_AVAILABILITY = YES_AGGRESSIVE;
				CLANG_WARN_UNREACHABLE_CODE = YES;
				CLANG_WARN__DUPLICATE_METHOD_MATCH = YES;
				COPY_PHASE_STRIP = NO;
				DEAD_CODE_STRIPPING = YES;
				DEBUG_INFORMATION_FORMAT = dwarf;
				ENABLE_STRICT_OBJC_MSGSEND = YES;
				ENABLE_TESTABILITY = YES;
				ENABLE_USER_SCRIPT_SANDBOXING = YES;
				GCC_C_LANGUAGE_STANDARD = gnu17;
				GCC_DYNAMIC_NO_PIC = NO;
				GCC_NO_COMMON_BLOCKS = YES;
				GCC_OPTIMIZATION_LEVEL = 0;
				GCC_PREPROCESSOR_DEFINITIONS = (
					"DEBUG=1",
					"$(inherited)",
				);
				GCC_WARN_64_TO_32_BIT_CONVERSION = YES;
				GCC_WARN_ABOUT_RETURN_TYPE = YES_ERROR;
				GCC_WARN_UNDECLARED_SELECTOR = YES;
				GCC_WARN_UNINITIALIZED_AUTOS = YES_AGGRESSIVE;
				GCC_WARN_UNUSED_FUNCTION = YES;
				GCC_WARN_UNUSED_VARIABLE = YES;
				LOCALIZATION_PREFERS_STRING_CATALOGS = YES;
				MTL_ENABLE_DEBUG_INFO = INCLUDE_SOURCE;
				MTL_FAST_MATH = YES;
				ONLY_ACTIVE_ARCH = YES;
				STRING_CATALOG_GENERATE_SYMBOLS = YES;
				SWIFT_ACTIVE_COMPILATION_CONDITIONS = "DEBUG $(inherited)";
				SWIFT_OPTIMIZATION_LEVEL = "-Onone";
			};
			name = "Debug Expo";
		};
		793C76B12EEBF939008A2A34 /* Release Expo */ = {
			isa = XCBuildConfiguration;
			buildSettings = {
				ALWAYS_SEARCH_USER_PATHS = NO;
				ASSETCATALOG_COMPILER_GENERATE_SWIFT_ASSET_SYMBOL_EXTENSIONS = YES;
				CLANG_ANALYZER_NONNULL = YES;
				CLANG_ANALYZER_NUMBER_OBJECT_CONVERSION = YES_AGGRESSIVE;
				CLANG_CXX_LANGUAGE_STANDARD = "gnu++20";
				CLANG_ENABLE_MODULES = YES;
				CLANG_ENABLE_OBJC_ARC = YES;
				CLANG_ENABLE_OBJC_WEAK = YES;
				CLANG_WARN_BLOCK_CAPTURE_AUTORELEASING = YES;
				CLANG_WARN_BOOL_CONVERSION = YES;
				CLANG_WARN_COMMA = YES;
				CLANG_WARN_CONSTANT_CONVERSION = YES;
				CLANG_WARN_DEPRECATED_OBJC_IMPLEMENTATIONS = YES;
				CLANG_WARN_DIRECT_OBJC_ISA_USAGE = YES_ERROR;
				CLANG_WARN_DOCUMENTATION_COMMENTS = YES;
				CLANG_WARN_EMPTY_BODY = YES;
				CLANG_WARN_ENUM_CONVERSION = YES;
				CLANG_WARN_INFINITE_RECURSION = YES;
				CLANG_WARN_INT_CONVERSION = YES;
				CLANG_WARN_NON_LITERAL_NULL_CONVERSION = YES;
				CLANG_WARN_OBJC_IMPLICIT_RETAIN_SELF = YES;
				CLANG_WARN_OBJC_LITERAL_CONVERSION = YES;
				CLANG_WARN_OBJC_ROOT_CLASS = YES_ERROR;
				CLANG_WARN_QUOTED_INCLUDE_IN_FRAMEWORK_HEADER = YES;
				CLANG_WARN_RANGE_LOOP_ANALYSIS = YES;
				CLANG_WARN_STRICT_PROTOTYPES = YES;
				CLANG_WARN_SUSPICIOUS_MOVE = YES;
				CLANG_WARN_UNGUARDED_AVAILABILITY = YES_AGGRESSIVE;
				CLANG_WARN_UNREACHABLE_CODE = YES;
				CLANG_WARN__DUPLICATE_METHOD_MATCH = YES;
				COPY_PHASE_STRIP = NO;
				DEAD_CODE_STRIPPING = YES;
				DEBUG_INFORMATION_FORMAT = "dwarf-with-dsym";
				ENABLE_NS_ASSERTIONS = NO;
				ENABLE_STRICT_OBJC_MSGSEND = YES;
				ENABLE_USER_SCRIPT_SANDBOXING = YES;
				GCC_C_LANGUAGE_STANDARD = gnu17;
				GCC_NO_COMMON_BLOCKS = YES;
				GCC_WARN_64_TO_32_BIT_CONVERSION = YES;
				GCC_WARN_ABOUT_RETURN_TYPE = YES_ERROR;
				GCC_WARN_UNDECLARED_SELECTOR = YES;
				GCC_WARN_UNINITIALIZED_AUTOS = YES_AGGRESSIVE;
				GCC_WARN_UNUSED_FUNCTION = YES;
				GCC_WARN_UNUSED_VARIABLE = YES;
				LOCALIZATION_PREFERS_STRING_CATALOGS = YES;
				MTL_ENABLE_DEBUG_INFO = NO;
				MTL_FAST_MATH = YES;
				STRING_CATALOG_GENERATE_SYMBOLS = YES;
				SWIFT_COMPILATION_MODE = wholemodule;
			};
			name = "Release Expo";
		};
		793C76B32EEBF939008A2A34 /* Debug Expo */ = {
			isa = XCBuildConfiguration;
			buildSettings = {
				ASSETCATALOG_COMPILER_APPICON_NAME = AppIcon;
				ASSETCATALOG_COMPILER_GLOBAL_ACCENT_COLOR_NAME = AccentColor;
				CODE_SIGN_STYLE = Automatic;
				CURRENT_PROJECT_VERSION = 1;
				DEAD_CODE_STRIPPING = YES;
				ENABLE_APP_SANDBOX = YES;
				ENABLE_PREVIEWS = YES;
				ENABLE_USER_SELECTED_FILES = readonly;
				GENERATE_INFOPLIST_FILE = YES;
				INFOPLIST_FILE = "Brownfield-Apple-App-Info.plist";
				"INFOPLIST_KEY_UIApplicationSceneManifest_Generation[sdk=iphoneos*]" = YES;
				"INFOPLIST_KEY_UIApplicationSceneManifest_Generation[sdk=iphonesimulator*]" = YES;
				"INFOPLIST_KEY_UIApplicationSupportsIndirectInputEvents[sdk=iphoneos*]" = YES;
				"INFOPLIST_KEY_UIApplicationSupportsIndirectInputEvents[sdk=iphonesimulator*]" = YES;
				"INFOPLIST_KEY_UILaunchScreen_Generation[sdk=iphoneos*]" = YES;
				"INFOPLIST_KEY_UILaunchScreen_Generation[sdk=iphonesimulator*]" = YES;
				"INFOPLIST_KEY_UIStatusBarStyle[sdk=iphoneos*]" = UIStatusBarStyleDefault;
				"INFOPLIST_KEY_UIStatusBarStyle[sdk=iphonesimulator*]" = UIStatusBarStyleDefault;
				INFOPLIST_KEY_UISupportedInterfaceOrientations_iPad = "UIInterfaceOrientationPortrait UIInterfaceOrientationPortraitUpsideDown UIInterfaceOrientationLandscapeLeft UIInterfaceOrientationLandscapeRight";
				INFOPLIST_KEY_UISupportedInterfaceOrientations_iPhone = "UIInterfaceOrientationPortrait UIInterfaceOrientationLandscapeLeft UIInterfaceOrientationLandscapeRight";
				INFOPLIST_KEY_UIViewControllerBasedStatusBarAppearance = "$(USE_EXPO_HOST_STATUS_BAR_APPEARANCE)";
				IPHONEOS_DEPLOYMENT_TARGET = 15.1;
				LD_RUNPATH_SEARCH_PATHS = "@executable_path/Frameworks";
				"LD_RUNPATH_SEARCH_PATHS[sdk=macosx*]" = "@executable_path/../Frameworks";
				MACOSX_DEPLOYMENT_TARGET = 14.0;
				MARKETING_VERSION = 1.0;
				PRODUCT_BUNDLE_IDENTIFIER = "com.callstack.brownfield.ios.example.Brownfield-iOS-App";
				PRODUCT_NAME = "$(TARGET_NAME)";
				REGISTER_APP_GROUPS = YES;
				SDKROOT = auto;
				STRING_CATALOG_GENERATE_SYMBOLS = YES;
				SUPPORTED_PLATFORMS = "iphoneos iphonesimulator macosx xros xrsimulator";
				SWIFT_ACTIVE_COMPILATION_CONDITIONS = "$(inherited) USE_EXPO_HOST";
				SWIFT_APPROACHABLE_CONCURRENCY = YES;
				SWIFT_DEFAULT_ACTOR_ISOLATION = MainActor;
				SWIFT_EMIT_LOC_STRINGS = YES;
				SWIFT_UPCOMING_FEATURE_MEMBER_IMPORT_VISIBILITY = YES;
				SWIFT_VERSION = 5.0;
				TARGETED_DEVICE_FAMILY = "1,2,7";
				USE_EXPO_HOST_STATUS_BAR_APPEARANCE = NO;
				XROS_DEPLOYMENT_TARGET = 2.0;
			};
			name = "Debug Expo";
		};
		793C76B42EEBF939008A2A34 /* Release Expo */ = {
			isa = XCBuildConfiguration;
			buildSettings = {
				ASSETCATALOG_COMPILER_APPICON_NAME = AppIcon;
				ASSETCATALOG_COMPILER_GLOBAL_ACCENT_COLOR_NAME = AccentColor;
				CODE_SIGN_STYLE = Automatic;
				CURRENT_PROJECT_VERSION = 1;
				DEAD_CODE_STRIPPING = YES;
				ENABLE_APP_SANDBOX = YES;
				ENABLE_PREVIEWS = YES;
				ENABLE_USER_SELECTED_FILES = readonly;
				GENERATE_INFOPLIST_FILE = YES;
				INFOPLIST_FILE = "Brownfield-Apple-App-Info.plist";
				"INFOPLIST_KEY_UIApplicationSceneManifest_Generation[sdk=iphoneos*]" = YES;
				"INFOPLIST_KEY_UIApplicationSceneManifest_Generation[sdk=iphonesimulator*]" = YES;
				"INFOPLIST_KEY_UIApplicationSupportsIndirectInputEvents[sdk=iphoneos*]" = YES;
				"INFOPLIST_KEY_UIApplicationSupportsIndirectInputEvents[sdk=iphonesimulator*]" = YES;
				"INFOPLIST_KEY_UILaunchScreen_Generation[sdk=iphoneos*]" = YES;
				"INFOPLIST_KEY_UILaunchScreen_Generation[sdk=iphonesimulator*]" = YES;
				"INFOPLIST_KEY_UIStatusBarStyle[sdk=iphoneos*]" = UIStatusBarStyleDefault;
				"INFOPLIST_KEY_UIStatusBarStyle[sdk=iphonesimulator*]" = UIStatusBarStyleDefault;
				INFOPLIST_KEY_UISupportedInterfaceOrientations_iPad = "UIInterfaceOrientationPortrait UIInterfaceOrientationPortraitUpsideDown UIInterfaceOrientationLandscapeLeft UIInterfaceOrientationLandscapeRight";
				INFOPLIST_KEY_UISupportedInterfaceOrientations_iPhone = "UIInterfaceOrientationPortrait UIInterfaceOrientationLandscapeLeft UIInterfaceOrientationLandscapeRight";
				INFOPLIST_KEY_UIViewControllerBasedStatusBarAppearance = "$(USE_EXPO_HOST_STATUS_BAR_APPEARANCE)";
				IPHONEOS_DEPLOYMENT_TARGET = 15.1;
				LD_RUNPATH_SEARCH_PATHS = "@executable_path/Frameworks";
				"LD_RUNPATH_SEARCH_PATHS[sdk=macosx*]" = "@executable_path/../Frameworks";
				MACOSX_DEPLOYMENT_TARGET = 14.0;
				MARKETING_VERSION = 1.0;
				PRODUCT_BUNDLE_IDENTIFIER = "com.callstack.brownfield.ios.example.Brownfield-iOS-App";
				PRODUCT_NAME = "$(TARGET_NAME)";
				REGISTER_APP_GROUPS = YES;
				SDKROOT = auto;
				STRING_CATALOG_GENERATE_SYMBOLS = YES;
				SUPPORTED_PLATFORMS = "iphoneos iphonesimulator macosx xros xrsimulator";
				SWIFT_ACTIVE_COMPILATION_CONDITIONS = "$(inherited) USE_EXPO_HOST";
				SWIFT_APPROACHABLE_CONCURRENCY = YES;
				SWIFT_DEFAULT_ACTOR_ISOLATION = MainActor;
				SWIFT_EMIT_LOC_STRINGS = YES;
				SWIFT_UPCOMING_FEATURE_MEMBER_IMPORT_VISIBILITY = YES;
				SWIFT_VERSION = 5.0;
				TARGETED_DEVICE_FAMILY = "1,2,7";
				USE_EXPO_HOST_STATUS_BAR_APPEARANCE = NO;
				XROS_DEPLOYMENT_TARGET = 2.0;
			};
			name = "Release Expo";
		};
		79B8BE7C2FB7270E00B94C6F /* Debug Expo */ = {
			isa = XCBuildConfiguration;
			buildSettings = {
				ASSETCATALOG_COMPILER_APPICON_NAME = AppIcon;
				ASSETCATALOG_COMPILER_GLOBAL_ACCENT_COLOR_NAME = AccentColor;
				CODE_SIGN_STYLE = Automatic;
				CURRENT_PROJECT_VERSION = 1;
				DEAD_CODE_STRIPPING = YES;
				ENABLE_APP_SANDBOX = YES;
				ENABLE_PREVIEWS = YES;
				ENABLE_USER_SELECTED_FILES = readonly;
				GENERATE_INFOPLIST_FILE = YES;
				INFOPLIST_FILE = "Brownfield-Apple-App-Info.plist";
				"INFOPLIST_KEY_UIApplicationSceneManifest_Generation[sdk=iphoneos*]" = YES;
				"INFOPLIST_KEY_UIApplicationSceneManifest_Generation[sdk=iphonesimulator*]" = YES;
				"INFOPLIST_KEY_UIApplicationSupportsIndirectInputEvents[sdk=iphoneos*]" = YES;
				"INFOPLIST_KEY_UIApplicationSupportsIndirectInputEvents[sdk=iphonesimulator*]" = YES;
				"INFOPLIST_KEY_UILaunchScreen_Generation[sdk=iphoneos*]" = YES;
				"INFOPLIST_KEY_UILaunchScreen_Generation[sdk=iphonesimulator*]" = YES;
				"INFOPLIST_KEY_UIStatusBarStyle[sdk=iphoneos*]" = UIStatusBarStyleDefault;
				"INFOPLIST_KEY_UIStatusBarStyle[sdk=iphonesimulator*]" = UIStatusBarStyleDefault;
				INFOPLIST_KEY_UISupportedInterfaceOrientations_iPad = "UIInterfaceOrientationPortrait UIInterfaceOrientationPortraitUpsideDown UIInterfaceOrientationLandscapeLeft UIInterfaceOrientationLandscapeRight";
				INFOPLIST_KEY_UISupportedInterfaceOrientations_iPhone = "UIInterfaceOrientationPortrait UIInterfaceOrientationLandscapeLeft UIInterfaceOrientationLandscapeRight";
				INFOPLIST_KEY_UIViewControllerBasedStatusBarAppearance = "$(USE_EXPO_HOST_STATUS_BAR_APPEARANCE)";
				IPHONEOS_DEPLOYMENT_TARGET = 15.1;
				LD_RUNPATH_SEARCH_PATHS = "@executable_path/Frameworks";
				"LD_RUNPATH_SEARCH_PATHS[sdk=macosx*]" = "@executable_path/../Frameworks";
				MACOSX_DEPLOYMENT_TARGET = 14.0;
				MARKETING_VERSION = 1.0;
				PRODUCT_BUNDLE_IDENTIFIER = "com.callstack.brownfield.ios.example.Brownfield-iOS-App";
				PRODUCT_NAME = "$(TARGET_NAME)";
				REGISTER_APP_GROUPS = YES;
				SDKROOT = auto;
				STRING_CATALOG_GENERATE_SYMBOLS = YES;
				SUPPORTED_PLATFORMS = "iphoneos iphonesimulator macosx xros xrsimulator";
				SWIFT_ACTIVE_COMPILATION_CONDITIONS = "$(inherited) USE_EXPO_HOST";
				SWIFT_APPROACHABLE_CONCURRENCY = YES;
				SWIFT_DEFAULT_ACTOR_ISOLATION = MainActor;
				SWIFT_EMIT_LOC_STRINGS = YES;
				SWIFT_UPCOMING_FEATURE_MEMBER_IMPORT_VISIBILITY = YES;
				SWIFT_VERSION = 5.0;
				TARGETED_DEVICE_FAMILY = "1,2,7";
				USE_EXPO_HOST_STATUS_BAR_APPEARANCE = NO;
				XROS_DEPLOYMENT_TARGET = 2.0;
			};
			name = "Debug Expo";
		};
		79B8BE7D2FB7270E00B94C6F /* Release Expo */ = {
			isa = XCBuildConfiguration;
			buildSettings = {
				ASSETCATALOG_COMPILER_APPICON_NAME = AppIcon;
				ASSETCATALOG_COMPILER_GLOBAL_ACCENT_COLOR_NAME = AccentColor;
				CODE_SIGN_STYLE = Automatic;
				CURRENT_PROJECT_VERSION = 1;
				DEAD_CODE_STRIPPING = YES;
				ENABLE_APP_SANDBOX = YES;
				ENABLE_PREVIEWS = YES;
				ENABLE_USER_SELECTED_FILES = readonly;
				GENERATE_INFOPLIST_FILE = YES;
				INFOPLIST_FILE = "Brownfield-Apple-App-Info.plist";
				"INFOPLIST_KEY_UIApplicationSceneManifest_Generation[sdk=iphoneos*]" = YES;
				"INFOPLIST_KEY_UIApplicationSceneManifest_Generation[sdk=iphonesimulator*]" = YES;
				"INFOPLIST_KEY_UIApplicationSupportsIndirectInputEvents[sdk=iphoneos*]" = YES;
				"INFOPLIST_KEY_UIApplicationSupportsIndirectInputEvents[sdk=iphonesimulator*]" = YES;
				"INFOPLIST_KEY_UILaunchScreen_Generation[sdk=iphoneos*]" = YES;
				"INFOPLIST_KEY_UILaunchScreen_Generation[sdk=iphonesimulator*]" = YES;
				"INFOPLIST_KEY_UIStatusBarStyle[sdk=iphoneos*]" = UIStatusBarStyleDefault;
				"INFOPLIST_KEY_UIStatusBarStyle[sdk=iphonesimulator*]" = UIStatusBarStyleDefault;
				INFOPLIST_KEY_UISupportedInterfaceOrientations_iPad = "UIInterfaceOrientationPortrait UIInterfaceOrientationPortraitUpsideDown UIInterfaceOrientationLandscapeLeft UIInterfaceOrientationLandscapeRight";
				INFOPLIST_KEY_UISupportedInterfaceOrientations_iPhone = "UIInterfaceOrientationPortrait UIInterfaceOrientationLandscapeLeft UIInterfaceOrientationLandscapeRight";
				INFOPLIST_KEY_UIViewControllerBasedStatusBarAppearance = "$(USE_EXPO_HOST_STATUS_BAR_APPEARANCE)";
				IPHONEOS_DEPLOYMENT_TARGET = 15.1;
				LD_RUNPATH_SEARCH_PATHS = "@executable_path/Frameworks";
				"LD_RUNPATH_SEARCH_PATHS[sdk=macosx*]" = "@executable_path/../Frameworks";
				MACOSX_DEPLOYMENT_TARGET = 14.0;
				MARKETING_VERSION = 1.0;
				PRODUCT_BUNDLE_IDENTIFIER = "com.callstack.brownfield.ios.example.Brownfield-iOS-App";
				PRODUCT_NAME = "$(TARGET_NAME)";
				REGISTER_APP_GROUPS = YES;
				SDKROOT = auto;
				STRING_CATALOG_GENERATE_SYMBOLS = YES;
				SUPPORTED_PLATFORMS = "iphoneos iphonesimulator macosx xros xrsimulator";
				SWIFT_ACTIVE_COMPILATION_CONDITIONS = "$(inherited) USE_EXPO_HOST";
				SWIFT_APPROACHABLE_CONCURRENCY = YES;
				SWIFT_DEFAULT_ACTOR_ISOLATION = MainActor;
				SWIFT_EMIT_LOC_STRINGS = YES;
				SWIFT_UPCOMING_FEATURE_MEMBER_IMPORT_VISIBILITY = YES;
				SWIFT_VERSION = 5.0;
				TARGETED_DEVICE_FAMILY = "1,2,7";
				USE_EXPO_HOST_STATUS_BAR_APPEARANCE = NO;
				XROS_DEPLOYMENT_TARGET = 2.0;
			};
			name = "Release Expo";
		};
		79B8BE7E2FB7270E00B94C6F /* Debug Vanilla */ = {
			isa = XCBuildConfiguration;
			buildSettings = {
				ASSETCATALOG_COMPILER_APPICON_NAME = AppIcon;
				ASSETCATALOG_COMPILER_GLOBAL_ACCENT_COLOR_NAME = AccentColor;
				CODE_SIGN_STYLE = Automatic;
				CURRENT_PROJECT_VERSION = 1;
				DEAD_CODE_STRIPPING = YES;
				ENABLE_APP_SANDBOX = YES;
				ENABLE_PREVIEWS = YES;
				ENABLE_USER_SELECTED_FILES = readonly;
				GENERATE_INFOPLIST_FILE = YES;
				INFOPLIST_FILE = "Brownfield-Apple-App-Info.plist";
				"INFOPLIST_KEY_UIApplicationSceneManifest_Generation[sdk=iphoneos*]" = YES;
				"INFOPLIST_KEY_UIApplicationSceneManifest_Generation[sdk=iphonesimulator*]" = YES;
				"INFOPLIST_KEY_UIApplicationSupportsIndirectInputEvents[sdk=iphoneos*]" = YES;
				"INFOPLIST_KEY_UIApplicationSupportsIndirectInputEvents[sdk=iphonesimulator*]" = YES;
				"INFOPLIST_KEY_UILaunchScreen_Generation[sdk=iphoneos*]" = YES;
				"INFOPLIST_KEY_UILaunchScreen_Generation[sdk=iphonesimulator*]" = YES;
				"INFOPLIST_KEY_UIStatusBarStyle[sdk=iphoneos*]" = UIStatusBarStyleDefault;
				"INFOPLIST_KEY_UIStatusBarStyle[sdk=iphonesimulator*]" = UIStatusBarStyleDefault;
				INFOPLIST_KEY_UISupportedInterfaceOrientations_iPad = "UIInterfaceOrientationPortrait UIInterfaceOrientationPortraitUpsideDown UIInterfaceOrientationLandscapeLeft UIInterfaceOrientationLandscapeRight";
				INFOPLIST_KEY_UISupportedInterfaceOrientations_iPhone = "UIInterfaceOrientationPortrait UIInterfaceOrientationLandscapeLeft UIInterfaceOrientationLandscapeRight";
				INFOPLIST_KEY_UIViewControllerBasedStatusBarAppearance = "$(USE_EXPO_HOST_STATUS_BAR_APPEARANCE)";
				IPHONEOS_DEPLOYMENT_TARGET = 15.1;
				LD_RUNPATH_SEARCH_PATHS = "@executable_path/Frameworks";
				"LD_RUNPATH_SEARCH_PATHS[sdk=macosx*]" = "@executable_path/../Frameworks";
				MACOSX_DEPLOYMENT_TARGET = 14.0;
				MARKETING_VERSION = 1.0;
				PRODUCT_BUNDLE_IDENTIFIER = "com.callstack.brownfield.ios.example.Brownfield-iOS-App";
				PRODUCT_NAME = "$(TARGET_NAME)";
				REGISTER_APP_GROUPS = YES;
				SDKROOT = auto;
				STRING_CATALOG_GENERATE_SYMBOLS = YES;
				SUPPORTED_PLATFORMS = "iphoneos iphonesimulator macosx xros xrsimulator";
				SWIFT_ACTIVE_COMPILATION_CONDITIONS = "$(inherited)";
				SWIFT_APPROACHABLE_CONCURRENCY = YES;
				SWIFT_DEFAULT_ACTOR_ISOLATION = MainActor;
				SWIFT_EMIT_LOC_STRINGS = YES;
				SWIFT_UPCOMING_FEATURE_MEMBER_IMPORT_VISIBILITY = YES;
				SWIFT_VERSION = 5.0;
				TARGETED_DEVICE_FAMILY = "1,2,7";
				USE_EXPO_HOST_STATUS_BAR_APPEARANCE = YES;
				XROS_DEPLOYMENT_TARGET = 2.0;
			};
			name = "Debug Vanilla";
		};
		79B8BE7F2FB7270E00B94C6F /* Release Vanilla */ = {
			isa = XCBuildConfiguration;
			buildSettings = {
				ASSETCATALOG_COMPILER_APPICON_NAME = AppIcon;
				ASSETCATALOG_COMPILER_GLOBAL_ACCENT_COLOR_NAME = AccentColor;
				CODE_SIGN_STYLE = Automatic;
				CURRENT_PROJECT_VERSION = 1;
				DEAD_CODE_STRIPPING = YES;
				ENABLE_APP_SANDBOX = YES;
				ENABLE_PREVIEWS = YES;
				ENABLE_USER_SELECTED_FILES = readonly;
				GENERATE_INFOPLIST_FILE = YES;
				INFOPLIST_FILE = "Brownfield-Apple-App-Info.plist";
				"INFOPLIST_KEY_UIApplicationSceneManifest_Generation[sdk=iphoneos*]" = YES;
				"INFOPLIST_KEY_UIApplicationSceneManifest_Generation[sdk=iphonesimulator*]" = YES;
				"INFOPLIST_KEY_UIApplicationSupportsIndirectInputEvents[sdk=iphoneos*]" = YES;
				"INFOPLIST_KEY_UIApplicationSupportsIndirectInputEvents[sdk=iphonesimulator*]" = YES;
				"INFOPLIST_KEY_UILaunchScreen_Generation[sdk=iphoneos*]" = YES;
				"INFOPLIST_KEY_UILaunchScreen_Generation[sdk=iphonesimulator*]" = YES;
				"INFOPLIST_KEY_UIStatusBarStyle[sdk=iphoneos*]" = UIStatusBarStyleDefault;
				"INFOPLIST_KEY_UIStatusBarStyle[sdk=iphonesimulator*]" = UIStatusBarStyleDefault;
				INFOPLIST_KEY_UISupportedInterfaceOrientations_iPad = "UIInterfaceOrientationPortrait UIInterfaceOrientationPortraitUpsideDown UIInterfaceOrientationLandscapeLeft UIInterfaceOrientationLandscapeRight";
				INFOPLIST_KEY_UISupportedInterfaceOrientations_iPhone = "UIInterfaceOrientationPortrait UIInterfaceOrientationLandscapeLeft UIInterfaceOrientationLandscapeRight";
				INFOPLIST_KEY_UIViewControllerBasedStatusBarAppearance = "$(USE_EXPO_HOST_STATUS_BAR_APPEARANCE)";
				IPHONEOS_DEPLOYMENT_TARGET = 15.1;
				LD_RUNPATH_SEARCH_PATHS = "@executable_path/Frameworks";
				"LD_RUNPATH_SEARCH_PATHS[sdk=macosx*]" = "@executable_path/../Frameworks";
				MACOSX_DEPLOYMENT_TARGET = 14.0;
				MARKETING_VERSION = 1.0;
				PRODUCT_BUNDLE_IDENTIFIER = "com.callstack.brownfield.ios.example.Brownfield-iOS-App";
				PRODUCT_NAME = "$(TARGET_NAME)";
				REGISTER_APP_GROUPS = YES;
				SDKROOT = auto;
				STRING_CATALOG_GENERATE_SYMBOLS = YES;
				SUPPORTED_PLATFORMS = "iphoneos iphonesimulator macosx xros xrsimulator";
				SWIFT_ACTIVE_COMPILATION_CONDITIONS = "$(inherited)";
				SWIFT_APPROACHABLE_CONCURRENCY = YES;
				SWIFT_DEFAULT_ACTOR_ISOLATION = MainActor;
				SWIFT_EMIT_LOC_STRINGS = YES;
				SWIFT_UPCOMING_FEATURE_MEMBER_IMPORT_VISIBILITY = YES;
				SWIFT_VERSION = 5.0;
				TARGETED_DEVICE_FAMILY = "1,2,7";
				USE_EXPO_HOST_STATUS_BAR_APPEARANCE = YES;
				XROS_DEPLOYMENT_TARGET = 2.0;
			};
			name = "Release Vanilla";
		};
		79B8BE972FB7273600B94C6F /* Debug Expo */ = {
			isa = XCBuildConfiguration;
			buildSettings = {
				ASSETCATALOG_COMPILER_APPICON_NAME = AppIcon;
				ASSETCATALOG_COMPILER_GLOBAL_ACCENT_COLOR_NAME = AccentColor;
				CODE_SIGN_STYLE = Automatic;
				CURRENT_PROJECT_VERSION = 1;
				DEAD_CODE_STRIPPING = YES;
				ENABLE_APP_SANDBOX = YES;
				ENABLE_PREVIEWS = YES;
				ENABLE_USER_SELECTED_FILES = readonly;
				GENERATE_INFOPLIST_FILE = YES;
				INFOPLIST_FILE = "Brownfield-Apple-App-Info.plist";
				"INFOPLIST_KEY_UIApplicationSceneManifest_Generation[sdk=iphoneos*]" = YES;
				"INFOPLIST_KEY_UIApplicationSceneManifest_Generation[sdk=iphonesimulator*]" = YES;
				"INFOPLIST_KEY_UIApplicationSupportsIndirectInputEvents[sdk=iphoneos*]" = YES;
				"INFOPLIST_KEY_UIApplicationSupportsIndirectInputEvents[sdk=iphonesimulator*]" = YES;
				"INFOPLIST_KEY_UILaunchScreen_Generation[sdk=iphoneos*]" = YES;
				"INFOPLIST_KEY_UILaunchScreen_Generation[sdk=iphonesimulator*]" = YES;
				"INFOPLIST_KEY_UIStatusBarStyle[sdk=iphoneos*]" = UIStatusBarStyleDefault;
				"INFOPLIST_KEY_UIStatusBarStyle[sdk=iphonesimulator*]" = UIStatusBarStyleDefault;
				INFOPLIST_KEY_UISupportedInterfaceOrientations_iPad = "UIInterfaceOrientationPortrait UIInterfaceOrientationPortraitUpsideDown UIInterfaceOrientationLandscapeLeft UIInterfaceOrientationLandscapeRight";
				INFOPLIST_KEY_UISupportedInterfaceOrientations_iPhone = "UIInterfaceOrientationPortrait UIInterfaceOrientationLandscapeLeft UIInterfaceOrientationLandscapeRight";
				INFOPLIST_KEY_UIViewControllerBasedStatusBarAppearance = "$(USE_EXPO_HOST_STATUS_BAR_APPEARANCE)";
				IPHONEOS_DEPLOYMENT_TARGET = 15.1;
				LD_RUNPATH_SEARCH_PATHS = "@executable_path/Frameworks";
				"LD_RUNPATH_SEARCH_PATHS[sdk=macosx*]" = "@executable_path/../Frameworks";
				MACOSX_DEPLOYMENT_TARGET = 14.0;
				MARKETING_VERSION = 1.0;
				PRODUCT_BUNDLE_IDENTIFIER = "com.callstack.brownfield.ios.example.Brownfield-iOS-App";
				PRODUCT_NAME = "$(TARGET_NAME)";
				REGISTER_APP_GROUPS = YES;
				SDKROOT = auto;
				STRING_CATALOG_GENERATE_SYMBOLS = YES;
				SUPPORTED_PLATFORMS = "iphoneos iphonesimulator macosx xros xrsimulator";
				SWIFT_ACTIVE_COMPILATION_CONDITIONS = "$(inherited) USE_EXPO_HOST";
				SWIFT_APPROACHABLE_CONCURRENCY = YES;
				SWIFT_DEFAULT_ACTOR_ISOLATION = MainActor;
				SWIFT_EMIT_LOC_STRINGS = YES;
				SWIFT_UPCOMING_FEATURE_MEMBER_IMPORT_VISIBILITY = YES;
				SWIFT_VERSION = 5.0;
				TARGETED_DEVICE_FAMILY = "1,2,7";
				USE_EXPO_HOST_STATUS_BAR_APPEARANCE = NO;
				XROS_DEPLOYMENT_TARGET = 2.0;
			};
			name = "Debug Expo";
		};
		79B8BE982FB7273600B94C6F /* Release Expo */ = {
			isa = XCBuildConfiguration;
			buildSettings = {
				ASSETCATALOG_COMPILER_APPICON_NAME = AppIcon;
				ASSETCATALOG_COMPILER_GLOBAL_ACCENT_COLOR_NAME = AccentColor;
				CODE_SIGN_STYLE = Automatic;
				CURRENT_PROJECT_VERSION = 1;
				DEAD_CODE_STRIPPING = YES;
				ENABLE_APP_SANDBOX = YES;
				ENABLE_PREVIEWS = YES;
				ENABLE_USER_SELECTED_FILES = readonly;
				GENERATE_INFOPLIST_FILE = YES;
				INFOPLIST_FILE = "Brownfield-Apple-App-Info.plist";
				"INFOPLIST_KEY_UIApplicationSceneManifest_Generation[sdk=iphoneos*]" = YES;
				"INFOPLIST_KEY_UIApplicationSceneManifest_Generation[sdk=iphonesimulator*]" = YES;
				"INFOPLIST_KEY_UIApplicationSupportsIndirectInputEvents[sdk=iphoneos*]" = YES;
				"INFOPLIST_KEY_UIApplicationSupportsIndirectInputEvents[sdk=iphonesimulator*]" = YES;
				"INFOPLIST_KEY_UILaunchScreen_Generation[sdk=iphoneos*]" = YES;
				"INFOPLIST_KEY_UILaunchScreen_Generation[sdk=iphonesimulator*]" = YES;
				"INFOPLIST_KEY_UIStatusBarStyle[sdk=iphoneos*]" = UIStatusBarStyleDefault;
				"INFOPLIST_KEY_UIStatusBarStyle[sdk=iphonesimulator*]" = UIStatusBarStyleDefault;
				INFOPLIST_KEY_UISupportedInterfaceOrientations_iPad = "UIInterfaceOrientationPortrait UIInterfaceOrientationPortraitUpsideDown UIInterfaceOrientationLandscapeLeft UIInterfaceOrientationLandscapeRight";
				INFOPLIST_KEY_UISupportedInterfaceOrientations_iPhone = "UIInterfaceOrientationPortrait UIInterfaceOrientationLandscapeLeft UIInterfaceOrientationLandscapeRight";
				INFOPLIST_KEY_UIViewControllerBasedStatusBarAppearance = "$(USE_EXPO_HOST_STATUS_BAR_APPEARANCE)";
				IPHONEOS_DEPLOYMENT_TARGET = 15.1;
				LD_RUNPATH_SEARCH_PATHS = "@executable_path/Frameworks";
				"LD_RUNPATH_SEARCH_PATHS[sdk=macosx*]" = "@executable_path/../Frameworks";
				MACOSX_DEPLOYMENT_TARGET = 14.0;
				MARKETING_VERSION = 1.0;
				PRODUCT_BUNDLE_IDENTIFIER = "com.callstack.brownfield.ios.example.Brownfield-iOS-App";
				PRODUCT_NAME = "$(TARGET_NAME)";
				REGISTER_APP_GROUPS = YES;
				SDKROOT = auto;
				STRING_CATALOG_GENERATE_SYMBOLS = YES;
				SUPPORTED_PLATFORMS = "iphoneos iphonesimulator macosx xros xrsimulator";
				SWIFT_ACTIVE_COMPILATION_CONDITIONS = "$(inherited) USE_EXPO_HOST";
				SWIFT_APPROACHABLE_CONCURRENCY = YES;
				SWIFT_DEFAULT_ACTOR_ISOLATION = MainActor;
				SWIFT_EMIT_LOC_STRINGS = YES;
				SWIFT_UPCOMING_FEATURE_MEMBER_IMPORT_VISIBILITY = YES;
				SWIFT_VERSION = 5.0;
				TARGETED_DEVICE_FAMILY = "1,2,7";
				USE_EXPO_HOST_STATUS_BAR_APPEARANCE = NO;
				XROS_DEPLOYMENT_TARGET = 2.0;
			};
			name = "Release Expo";
		};
		79B8BE992FB7273600B94C6F /* Debug Vanilla */ = {
			isa = XCBuildConfiguration;
			buildSettings = {
				ASSETCATALOG_COMPILER_APPICON_NAME = AppIcon;
				ASSETCATALOG_COMPILER_GLOBAL_ACCENT_COLOR_NAME = AccentColor;
				CODE_SIGN_STYLE = Automatic;
				CURRENT_PROJECT_VERSION = 1;
				DEAD_CODE_STRIPPING = YES;
				ENABLE_APP_SANDBOX = YES;
				ENABLE_PREVIEWS = YES;
				ENABLE_USER_SELECTED_FILES = readonly;
				GENERATE_INFOPLIST_FILE = YES;
				INFOPLIST_FILE = "Brownfield-Apple-App-Info.plist";
				"INFOPLIST_KEY_UIApplicationSceneManifest_Generation[sdk=iphoneos*]" = YES;
				"INFOPLIST_KEY_UIApplicationSceneManifest_Generation[sdk=iphonesimulator*]" = YES;
				"INFOPLIST_KEY_UIApplicationSupportsIndirectInputEvents[sdk=iphoneos*]" = YES;
				"INFOPLIST_KEY_UIApplicationSupportsIndirectInputEvents[sdk=iphonesimulator*]" = YES;
				"INFOPLIST_KEY_UILaunchScreen_Generation[sdk=iphoneos*]" = YES;
				"INFOPLIST_KEY_UILaunchScreen_Generation[sdk=iphonesimulator*]" = YES;
				"INFOPLIST_KEY_UIStatusBarStyle[sdk=iphoneos*]" = UIStatusBarStyleDefault;
				"INFOPLIST_KEY_UIStatusBarStyle[sdk=iphonesimulator*]" = UIStatusBarStyleDefault;
				INFOPLIST_KEY_UISupportedInterfaceOrientations_iPad = "UIInterfaceOrientationPortrait UIInterfaceOrientationPortraitUpsideDown UIInterfaceOrientationLandscapeLeft UIInterfaceOrientationLandscapeRight";
				INFOPLIST_KEY_UISupportedInterfaceOrientations_iPhone = "UIInterfaceOrientationPortrait UIInterfaceOrientationLandscapeLeft UIInterfaceOrientationLandscapeRight";
				INFOPLIST_KEY_UIViewControllerBasedStatusBarAppearance = "$(USE_EXPO_HOST_STATUS_BAR_APPEARANCE)";
				IPHONEOS_DEPLOYMENT_TARGET = 15.1;
				LD_RUNPATH_SEARCH_PATHS = "@executable_path/Frameworks";
				"LD_RUNPATH_SEARCH_PATHS[sdk=macosx*]" = "@executable_path/../Frameworks";
				MACOSX_DEPLOYMENT_TARGET = 14.0;
				MARKETING_VERSION = 1.0;
				PRODUCT_BUNDLE_IDENTIFIER = "com.callstack.brownfield.ios.example.Brownfield-iOS-App";
				PRODUCT_NAME = "$(TARGET_NAME)";
				REGISTER_APP_GROUPS = YES;
				SDKROOT = auto;
				STRING_CATALOG_GENERATE_SYMBOLS = YES;
				SUPPORTED_PLATFORMS = "iphoneos iphonesimulator macosx xros xrsimulator";
				SWIFT_ACTIVE_COMPILATION_CONDITIONS = "$(inherited)";
				SWIFT_APPROACHABLE_CONCURRENCY = YES;
				SWIFT_DEFAULT_ACTOR_ISOLATION = MainActor;
				SWIFT_EMIT_LOC_STRINGS = YES;
				SWIFT_UPCOMING_FEATURE_MEMBER_IMPORT_VISIBILITY = YES;
				SWIFT_VERSION = 5.0;
				TARGETED_DEVICE_FAMILY = "1,2,7";
				USE_EXPO_HOST_STATUS_BAR_APPEARANCE = YES;
				XROS_DEPLOYMENT_TARGET = 2.0;
			};
			name = "Debug Vanilla";
		};
		79B8BE9A2FB7273600B94C6F /* Release Vanilla */ = {
			isa = XCBuildConfiguration;
			buildSettings = {
				ASSETCATALOG_COMPILER_APPICON_NAME = AppIcon;
				ASSETCATALOG_COMPILER_GLOBAL_ACCENT_COLOR_NAME = AccentColor;
				CODE_SIGN_STYLE = Automatic;
				CURRENT_PROJECT_VERSION = 1;
				DEAD_CODE_STRIPPING = YES;
				ENABLE_APP_SANDBOX = YES;
				ENABLE_PREVIEWS = YES;
				ENABLE_USER_SELECTED_FILES = readonly;
				GENERATE_INFOPLIST_FILE = YES;
				INFOPLIST_FILE = "Brownfield-Apple-App-Info.plist";
				"INFOPLIST_KEY_UIApplicationSceneManifest_Generation[sdk=iphoneos*]" = YES;
				"INFOPLIST_KEY_UIApplicationSceneManifest_Generation[sdk=iphonesimulator*]" = YES;
				"INFOPLIST_KEY_UIApplicationSupportsIndirectInputEvents[sdk=iphoneos*]" = YES;
				"INFOPLIST_KEY_UIApplicationSupportsIndirectInputEvents[sdk=iphonesimulator*]" = YES;
				"INFOPLIST_KEY_UILaunchScreen_Generation[sdk=iphoneos*]" = YES;
				"INFOPLIST_KEY_UILaunchScreen_Generation[sdk=iphonesimulator*]" = YES;
				"INFOPLIST_KEY_UIStatusBarStyle[sdk=iphoneos*]" = UIStatusBarStyleDefault;
				"INFOPLIST_KEY_UIStatusBarStyle[sdk=iphonesimulator*]" = UIStatusBarStyleDefault;
				INFOPLIST_KEY_UISupportedInterfaceOrientations_iPad = "UIInterfaceOrientationPortrait UIInterfaceOrientationPortraitUpsideDown UIInterfaceOrientationLandscapeLeft UIInterfaceOrientationLandscapeRight";
				INFOPLIST_KEY_UISupportedInterfaceOrientations_iPhone = "UIInterfaceOrientationPortrait UIInterfaceOrientationLandscapeLeft UIInterfaceOrientationLandscapeRight";
				INFOPLIST_KEY_UIViewControllerBasedStatusBarAppearance = "$(USE_EXPO_HOST_STATUS_BAR_APPEARANCE)";
				IPHONEOS_DEPLOYMENT_TARGET = 15.1;
				LD_RUNPATH_SEARCH_PATHS = "@executable_path/Frameworks";
				"LD_RUNPATH_SEARCH_PATHS[sdk=macosx*]" = "@executable_path/../Frameworks";
				MACOSX_DEPLOYMENT_TARGET = 14.0;
				MARKETING_VERSION = 1.0;
				PRODUCT_BUNDLE_IDENTIFIER = "com.callstack.brownfield.ios.example.Brownfield-iOS-App";
				PRODUCT_NAME = "$(TARGET_NAME)";
				REGISTER_APP_GROUPS = YES;
				SDKROOT = auto;
				STRING_CATALOG_GENERATE_SYMBOLS = YES;
				SUPPORTED_PLATFORMS = "iphoneos iphonesimulator macosx xros xrsimulator";
				SWIFT_ACTIVE_COMPILATION_CONDITIONS = "$(inherited)";
				SWIFT_APPROACHABLE_CONCURRENCY = YES;
				SWIFT_DEFAULT_ACTOR_ISOLATION = MainActor;
				SWIFT_EMIT_LOC_STRINGS = YES;
				SWIFT_UPCOMING_FEATURE_MEMBER_IMPORT_VISIBILITY = YES;
				SWIFT_VERSION = 5.0;
				TARGETED_DEVICE_FAMILY = "1,2,7";
				USE_EXPO_HOST_STATUS_BAR_APPEARANCE = YES;
				XROS_DEPLOYMENT_TARGET = 2.0;
			};
			name = "Release Vanilla";
		};
		7A1B2C3D4E5F60718293A401 /* Debug Vanilla */ = {
			isa = XCBuildConfiguration;
			buildSettings = {
				ALWAYS_SEARCH_USER_PATHS = NO;
				ASSETCATALOG_COMPILER_GENERATE_SWIFT_ASSET_SYMBOL_EXTENSIONS = YES;
				CLANG_ANALYZER_NONNULL = YES;
				CLANG_ANALYZER_NUMBER_OBJECT_CONVERSION = YES_AGGRESSIVE;
				CLANG_CXX_LANGUAGE_STANDARD = "gnu++20";
				CLANG_ENABLE_MODULES = YES;
				CLANG_ENABLE_OBJC_ARC = YES;
				CLANG_ENABLE_OBJC_WEAK = YES;
				CLANG_WARN_BLOCK_CAPTURE_AUTORELEASING = YES;
				CLANG_WARN_BOOL_CONVERSION = YES;
				CLANG_WARN_COMMA = YES;
				CLANG_WARN_CONSTANT_CONVERSION = YES;
				CLANG_WARN_DEPRECATED_OBJC_IMPLEMENTATIONS = YES;
				CLANG_WARN_DIRECT_OBJC_ISA_USAGE = YES_ERROR;
				CLANG_WARN_DOCUMENTATION_COMMENTS = YES;
				CLANG_WARN_EMPTY_BODY = YES;
				CLANG_WARN_ENUM_CONVERSION = YES;
				CLANG_WARN_INFINITE_RECURSION = YES;
				CLANG_WARN_INT_CONVERSION = YES;
				CLANG_WARN_NON_LITERAL_NULL_CONVERSION = YES;
				CLANG_WARN_OBJC_IMPLICIT_RETAIN_SELF = YES;
				CLANG_WARN_OBJC_LITERAL_CONVERSION = YES;
				CLANG_WARN_OBJC_ROOT_CLASS = YES_ERROR;
				CLANG_WARN_QUOTED_INCLUDE_IN_FRAMEWORK_HEADER = YES;
				CLANG_WARN_RANGE_LOOP_ANALYSIS = YES;
				CLANG_WARN_STRICT_PROTOTYPES = YES;
				CLANG_WARN_SUSPICIOUS_MOVE = YES;
				CLANG_WARN_UNGUARDED_AVAILABILITY = YES_AGGRESSIVE;
				CLANG_WARN_UNREACHABLE_CODE = YES;
				CLANG_WARN__DUPLICATE_METHOD_MATCH = YES;
				COPY_PHASE_STRIP = NO;
				DEAD_CODE_STRIPPING = YES;
				DEBUG_INFORMATION_FORMAT = dwarf;
				ENABLE_STRICT_OBJC_MSGSEND = YES;
				ENABLE_TESTABILITY = YES;
				ENABLE_USER_SCRIPT_SANDBOXING = YES;
				GCC_C_LANGUAGE_STANDARD = gnu17;
				GCC_DYNAMIC_NO_PIC = NO;
				GCC_NO_COMMON_BLOCKS = YES;
				GCC_OPTIMIZATION_LEVEL = 0;
				GCC_PREPROCESSOR_DEFINITIONS = (
					"DEBUG=1",
					"$(inherited)",
				);
				GCC_WARN_64_TO_32_BIT_CONVERSION = YES;
				GCC_WARN_ABOUT_RETURN_TYPE = YES_ERROR;
				GCC_WARN_UNDECLARED_SELECTOR = YES;
				GCC_WARN_UNINITIALIZED_AUTOS = YES_AGGRESSIVE;
				GCC_WARN_UNUSED_FUNCTION = YES;
				GCC_WARN_UNUSED_VARIABLE = YES;
				LOCALIZATION_PREFERS_STRING_CATALOGS = YES;
				MTL_ENABLE_DEBUG_INFO = INCLUDE_SOURCE;
				MTL_FAST_MATH = YES;
				ONLY_ACTIVE_ARCH = YES;
				STRING_CATALOG_GENERATE_SYMBOLS = YES;
				SWIFT_ACTIVE_COMPILATION_CONDITIONS = "DEBUG $(inherited)";
				SWIFT_OPTIMIZATION_LEVEL = "-Onone";
			};
			name = "Debug Vanilla";
		};
		7A1B2C3D4E5F60718293A402 /* Release Vanilla */ = {
			isa = XCBuildConfiguration;
			buildSettings = {
				ALWAYS_SEARCH_USER_PATHS = NO;
				ASSETCATALOG_COMPILER_GENERATE_SWIFT_ASSET_SYMBOL_EXTENSIONS = YES;
				CLANG_ANALYZER_NONNULL = YES;
				CLANG_ANALYZER_NUMBER_OBJECT_CONVERSION = YES_AGGRESSIVE;
				CLANG_CXX_LANGUAGE_STANDARD = "gnu++20";
				CLANG_ENABLE_MODULES = YES;
				CLANG_ENABLE_OBJC_ARC = YES;
				CLANG_ENABLE_OBJC_WEAK = YES;
				CLANG_WARN_BLOCK_CAPTURE_AUTORELEASING = YES;
				CLANG_WARN_BOOL_CONVERSION = YES;
				CLANG_WARN_COMMA = YES;
				CLANG_WARN_CONSTANT_CONVERSION = YES;
				CLANG_WARN_DEPRECATED_OBJC_IMPLEMENTATIONS = YES;
				CLANG_WARN_DIRECT_OBJC_ISA_USAGE = YES_ERROR;
				CLANG_WARN_DOCUMENTATION_COMMENTS = YES;
				CLANG_WARN_EMPTY_BODY = YES;
				CLANG_WARN_ENUM_CONVERSION = YES;
				CLANG_WARN_INFINITE_RECURSION = YES;
				CLANG_WARN_INT_CONVERSION = YES;
				CLANG_WARN_NON_LITERAL_NULL_CONVERSION = YES;
				CLANG_WARN_OBJC_IMPLICIT_RETAIN_SELF = YES;
				CLANG_WARN_OBJC_LITERAL_CONVERSION = YES;
				CLANG_WARN_OBJC_ROOT_CLASS = YES_ERROR;
				CLANG_WARN_QUOTED_INCLUDE_IN_FRAMEWORK_HEADER = YES;
				CLANG_WARN_RANGE_LOOP_ANALYSIS = YES;
				CLANG_WARN_STRICT_PROTOTYPES = YES;
				CLANG_WARN_SUSPICIOUS_MOVE = YES;
				CLANG_WARN_UNGUARDED_AVAILABILITY = YES_AGGRESSIVE;
				CLANG_WARN_UNREACHABLE_CODE = YES;
				CLANG_WARN__DUPLICATE_METHOD_MATCH = YES;
				COPY_PHASE_STRIP = NO;
				DEAD_CODE_STRIPPING = YES;
				DEBUG_INFORMATION_FORMAT = "dwarf-with-dsym";
				ENABLE_NS_ASSERTIONS = NO;
				ENABLE_STRICT_OBJC_MSGSEND = YES;
				ENABLE_USER_SCRIPT_SANDBOXING = YES;
				GCC_C_LANGUAGE_STANDARD = gnu17;
				GCC_NO_COMMON_BLOCKS = YES;
				GCC_WARN_64_TO_32_BIT_CONVERSION = YES;
				GCC_WARN_ABOUT_RETURN_TYPE = YES_ERROR;
				GCC_WARN_UNDECLARED_SELECTOR = YES;
				GCC_WARN_UNINITIALIZED_AUTOS = YES_AGGRESSIVE;
				GCC_WARN_UNUSED_FUNCTION = YES;
				GCC_WARN_UNUSED_VARIABLE = YES;
				LOCALIZATION_PREFERS_STRING_CATALOGS = YES;
				MTL_ENABLE_DEBUG_INFO = NO;
				MTL_FAST_MATH = YES;
				STRING_CATALOG_GENERATE_SYMBOLS = YES;
				SWIFT_COMPILATION_MODE = wholemodule;
			};
			name = "Release Vanilla";
		};
		7A1B2C3D4E5F60718293A403 /* Debug Vanilla */ = {
			isa = XCBuildConfiguration;
			buildSettings = {
				ASSETCATALOG_COMPILER_APPICON_NAME = AppIcon;
				ASSETCATALOG_COMPILER_GLOBAL_ACCENT_COLOR_NAME = AccentColor;
				CODE_SIGN_STYLE = Automatic;
				CURRENT_PROJECT_VERSION = 1;
				DEAD_CODE_STRIPPING = YES;
				ENABLE_APP_SANDBOX = YES;
				ENABLE_PREVIEWS = YES;
				ENABLE_USER_SELECTED_FILES = readonly;
				GENERATE_INFOPLIST_FILE = YES;
				INFOPLIST_FILE = "Brownfield-Apple-App-Info.plist";
				"INFOPLIST_KEY_UIApplicationSceneManifest_Generation[sdk=iphoneos*]" = YES;
				"INFOPLIST_KEY_UIApplicationSceneManifest_Generation[sdk=iphonesimulator*]" = YES;
				"INFOPLIST_KEY_UIApplicationSupportsIndirectInputEvents[sdk=iphoneos*]" = YES;
				"INFOPLIST_KEY_UIApplicationSupportsIndirectInputEvents[sdk=iphonesimulator*]" = YES;
				"INFOPLIST_KEY_UILaunchScreen_Generation[sdk=iphoneos*]" = YES;
				"INFOPLIST_KEY_UILaunchScreen_Generation[sdk=iphonesimulator*]" = YES;
				"INFOPLIST_KEY_UIStatusBarStyle[sdk=iphoneos*]" = UIStatusBarStyleDefault;
				"INFOPLIST_KEY_UIStatusBarStyle[sdk=iphonesimulator*]" = UIStatusBarStyleDefault;
				INFOPLIST_KEY_UISupportedInterfaceOrientations_iPad = "UIInterfaceOrientationPortrait UIInterfaceOrientationPortraitUpsideDown UIInterfaceOrientationLandscapeLeft UIInterfaceOrientationLandscapeRight";
				INFOPLIST_KEY_UISupportedInterfaceOrientations_iPhone = "UIInterfaceOrientationPortrait UIInterfaceOrientationLandscapeLeft UIInterfaceOrientationLandscapeRight";
				INFOPLIST_KEY_UIViewControllerBasedStatusBarAppearance = "$(USE_EXPO_HOST_STATUS_BAR_APPEARANCE)";
				IPHONEOS_DEPLOYMENT_TARGET = 15.1;
				LD_RUNPATH_SEARCH_PATHS = "@executable_path/Frameworks";
				"LD_RUNPATH_SEARCH_PATHS[sdk=macosx*]" = "@executable_path/../Frameworks";
				MACOSX_DEPLOYMENT_TARGET = 14.0;
				MARKETING_VERSION = 1.0;
				PRODUCT_BUNDLE_IDENTIFIER = "com.callstack.brownfield.ios.example.Brownfield-iOS-App";
				PRODUCT_NAME = "$(TARGET_NAME)";
				REGISTER_APP_GROUPS = YES;
				SDKROOT = auto;
				STRING_CATALOG_GENERATE_SYMBOLS = YES;
				SUPPORTED_PLATFORMS = "iphoneos iphonesimulator macosx xros xrsimulator";
				SWIFT_ACTIVE_COMPILATION_CONDITIONS = "$(inherited)";
				SWIFT_APPROACHABLE_CONCURRENCY = YES;
				SWIFT_DEFAULT_ACTOR_ISOLATION = MainActor;
				SWIFT_EMIT_LOC_STRINGS = YES;
				SWIFT_UPCOMING_FEATURE_MEMBER_IMPORT_VISIBILITY = YES;
				SWIFT_VERSION = 5.0;
				TARGETED_DEVICE_FAMILY = "1,2,7";
				USE_EXPO_HOST_STATUS_BAR_APPEARANCE = YES;
				XROS_DEPLOYMENT_TARGET = 2.0;
			};
			name = "Debug Vanilla";
		};
		7A1B2C3D4E5F60718293A404 /* Release Vanilla */ = {
			isa = XCBuildConfiguration;
			buildSettings = {
				ASSETCATALOG_COMPILER_APPICON_NAME = AppIcon;
				ASSETCATALOG_COMPILER_GLOBAL_ACCENT_COLOR_NAME = AccentColor;
				CODE_SIGN_STYLE = Automatic;
				CURRENT_PROJECT_VERSION = 1;
				DEAD_CODE_STRIPPING = YES;
				ENABLE_APP_SANDBOX = YES;
				ENABLE_PREVIEWS = YES;
				ENABLE_USER_SELECTED_FILES = readonly;
				GENERATE_INFOPLIST_FILE = YES;
				INFOPLIST_FILE = "Brownfield-Apple-App-Info.plist";
				"INFOPLIST_KEY_UIApplicationSceneManifest_Generation[sdk=iphoneos*]" = YES;
				"INFOPLIST_KEY_UIApplicationSceneManifest_Generation[sdk=iphonesimulator*]" = YES;
				"INFOPLIST_KEY_UIApplicationSupportsIndirectInputEvents[sdk=iphoneos*]" = YES;
				"INFOPLIST_KEY_UIApplicationSupportsIndirectInputEvents[sdk=iphonesimulator*]" = YES;
				"INFOPLIST_KEY_UILaunchScreen_Generation[sdk=iphoneos*]" = YES;
				"INFOPLIST_KEY_UILaunchScreen_Generation[sdk=iphonesimulator*]" = YES;
				"INFOPLIST_KEY_UIStatusBarStyle[sdk=iphoneos*]" = UIStatusBarStyleDefault;
				"INFOPLIST_KEY_UIStatusBarStyle[sdk=iphonesimulator*]" = UIStatusBarStyleDefault;
				INFOPLIST_KEY_UISupportedInterfaceOrientations_iPad = "UIInterfaceOrientationPortrait UIInterfaceOrientationPortraitUpsideDown UIInterfaceOrientationLandscapeLeft UIInterfaceOrientationLandscapeRight";
				INFOPLIST_KEY_UISupportedInterfaceOrientations_iPhone = "UIInterfaceOrientationPortrait UIInterfaceOrientationLandscapeLeft UIInterfaceOrientationLandscapeRight";
				INFOPLIST_KEY_UIViewControllerBasedStatusBarAppearance = "$(USE_EXPO_HOST_STATUS_BAR_APPEARANCE)";
				IPHONEOS_DEPLOYMENT_TARGET = 15.1;
				LD_RUNPATH_SEARCH_PATHS = "@executable_path/Frameworks";
				"LD_RUNPATH_SEARCH_PATHS[sdk=macosx*]" = "@executable_path/../Frameworks";
				MACOSX_DEPLOYMENT_TARGET = 14.0;
				MARKETING_VERSION = 1.0;
				PRODUCT_BUNDLE_IDENTIFIER = "com.callstack.brownfield.ios.example.Brownfield-iOS-App";
				PRODUCT_NAME = "$(TARGET_NAME)";
				REGISTER_APP_GROUPS = YES;
				SDKROOT = auto;
				STRING_CATALOG_GENERATE_SYMBOLS = YES;
				SUPPORTED_PLATFORMS = "iphoneos iphonesimulator macosx xros xrsimulator";
				SWIFT_ACTIVE_COMPILATION_CONDITIONS = "$(inherited)";
				SWIFT_APPROACHABLE_CONCURRENCY = YES;
				SWIFT_DEFAULT_ACTOR_ISOLATION = MainActor;
				SWIFT_EMIT_LOC_STRINGS = YES;
				SWIFT_UPCOMING_FEATURE_MEMBER_IMPORT_VISIBILITY = YES;
				SWIFT_VERSION = 5.0;
				TARGETED_DEVICE_FAMILY = "1,2,7";
				USE_EXPO_HOST_STATUS_BAR_APPEARANCE = YES;
				XROS_DEPLOYMENT_TARGET = 2.0;
			};
			name = "Release Vanilla";
		};
		7A1B2C3D4E5F60718293A501 /* Debug Expo */ = {
			isa = XCBuildConfiguration;
			buildSettings = {
				ASSETCATALOG_COMPILER_APPICON_NAME = AppIcon;
				ASSETCATALOG_COMPILER_GLOBAL_ACCENT_COLOR_NAME = AccentColor;
				CODE_SIGN_STYLE = Automatic;
				CURRENT_PROJECT_VERSION = 1;
				DEAD_CODE_STRIPPING = YES;
				ENABLE_APP_SANDBOX = YES;
				ENABLE_PREVIEWS = YES;
				ENABLE_USER_SELECTED_FILES = readonly;
				GENERATE_INFOPLIST_FILE = YES;
				INFOPLIST_FILE = "Brownfield-Apple-App-Info.plist";
				"INFOPLIST_KEY_UIApplicationSceneManifest_Generation[sdk=iphoneos*]" = YES;
				"INFOPLIST_KEY_UIApplicationSceneManifest_Generation[sdk=iphonesimulator*]" = YES;
				"INFOPLIST_KEY_UIApplicationSupportsIndirectInputEvents[sdk=iphoneos*]" = YES;
				"INFOPLIST_KEY_UIApplicationSupportsIndirectInputEvents[sdk=iphonesimulator*]" = YES;
				"INFOPLIST_KEY_UILaunchScreen_Generation[sdk=iphoneos*]" = YES;
				"INFOPLIST_KEY_UILaunchScreen_Generation[sdk=iphonesimulator*]" = YES;
				"INFOPLIST_KEY_UIStatusBarStyle[sdk=iphoneos*]" = UIStatusBarStyleDefault;
				"INFOPLIST_KEY_UIStatusBarStyle[sdk=iphonesimulator*]" = UIStatusBarStyleDefault;
				INFOPLIST_KEY_UISupportedInterfaceOrientations_iPad = "UIInterfaceOrientationPortrait UIInterfaceOrientationPortraitUpsideDown UIInterfaceOrientationLandscapeLeft UIInterfaceOrientationLandscapeRight";
				INFOPLIST_KEY_UISupportedInterfaceOrientations_iPhone = "UIInterfaceOrientationPortrait UIInterfaceOrientationLandscapeLeft UIInterfaceOrientationLandscapeRight";
				INFOPLIST_KEY_UIViewControllerBasedStatusBarAppearance = "$(USE_EXPO_HOST_STATUS_BAR_APPEARANCE)";
				IPHONEOS_DEPLOYMENT_TARGET = 15.1;
				LD_RUNPATH_SEARCH_PATHS = "@executable_path/Frameworks";
				"LD_RUNPATH_SEARCH_PATHS[sdk=macosx*]" = "@executable_path/../Frameworks";
				MACOSX_DEPLOYMENT_TARGET = 14.0;
				MARKETING_VERSION = 1.0;
				PRODUCT_BUNDLE_IDENTIFIER = "com.callstack.brownfield.ios.example.Brownfield-iOS-App";
				PRODUCT_NAME = "$(TARGET_NAME)";
				REGISTER_APP_GROUPS = YES;
				SDKROOT = auto;
				STRING_CATALOG_GENERATE_SYMBOLS = YES;
				SUPPORTED_PLATFORMS = "iphoneos iphonesimulator macosx xros xrsimulator";
				SWIFT_ACTIVE_COMPILATION_CONDITIONS = "$(inherited) USE_EXPO_HOST";
				SWIFT_APPROACHABLE_CONCURRENCY = YES;
				SWIFT_DEFAULT_ACTOR_ISOLATION = MainActor;
				SWIFT_EMIT_LOC_STRINGS = YES;
				SWIFT_UPCOMING_FEATURE_MEMBER_IMPORT_VISIBILITY = YES;
				SWIFT_VERSION = 5.0;
				TARGETED_DEVICE_FAMILY = "1,2,7";
				USE_EXPO_HOST_STATUS_BAR_APPEARANCE = NO;
				XROS_DEPLOYMENT_TARGET = 2.0;
			};
			name = "Debug Expo";
		};
		7A1B2C3D4E5F60718293A502 /* Release Expo */ = {
			isa = XCBuildConfiguration;
			buildSettings = {
				ASSETCATALOG_COMPILER_APPICON_NAME = AppIcon;
				ASSETCATALOG_COMPILER_GLOBAL_ACCENT_COLOR_NAME = AccentColor;
				CODE_SIGN_STYLE = Automatic;
				CURRENT_PROJECT_VERSION = 1;
				DEAD_CODE_STRIPPING = YES;
				ENABLE_APP_SANDBOX = YES;
				ENABLE_PREVIEWS = YES;
				ENABLE_USER_SELECTED_FILES = readonly;
				GENERATE_INFOPLIST_FILE = YES;
				INFOPLIST_FILE = "Brownfield-Apple-App-Info.plist";
				"INFOPLIST_KEY_UIApplicationSceneManifest_Generation[sdk=iphoneos*]" = YES;
				"INFOPLIST_KEY_UIApplicationSceneManifest_Generation[sdk=iphonesimulator*]" = YES;
				"INFOPLIST_KEY_UIApplicationSupportsIndirectInputEvents[sdk=iphoneos*]" = YES;
				"INFOPLIST_KEY_UIApplicationSupportsIndirectInputEvents[sdk=iphonesimulator*]" = YES;
				"INFOPLIST_KEY_UILaunchScreen_Generation[sdk=iphoneos*]" = YES;
				"INFOPLIST_KEY_UILaunchScreen_Generation[sdk=iphonesimulator*]" = YES;
				"INFOPLIST_KEY_UIStatusBarStyle[sdk=iphoneos*]" = UIStatusBarStyleDefault;
				"INFOPLIST_KEY_UIStatusBarStyle[sdk=iphonesimulator*]" = UIStatusBarStyleDefault;
				INFOPLIST_KEY_UISupportedInterfaceOrientations_iPad = "UIInterfaceOrientationPortrait UIInterfaceOrientationPortraitUpsideDown UIInterfaceOrientationLandscapeLeft UIInterfaceOrientationLandscapeRight";
				INFOPLIST_KEY_UISupportedInterfaceOrientations_iPhone = "UIInterfaceOrientationPortrait UIInterfaceOrientationLandscapeLeft UIInterfaceOrientationLandscapeRight";
				INFOPLIST_KEY_UIViewControllerBasedStatusBarAppearance = "$(USE_EXPO_HOST_STATUS_BAR_APPEARANCE)";
				IPHONEOS_DEPLOYMENT_TARGET = 15.1;
				LD_RUNPATH_SEARCH_PATHS = "@executable_path/Frameworks";
				"LD_RUNPATH_SEARCH_PATHS[sdk=macosx*]" = "@executable_path/../Frameworks";
				MACOSX_DEPLOYMENT_TARGET = 14.0;
				MARKETING_VERSION = 1.0;
				PRODUCT_BUNDLE_IDENTIFIER = "com.callstack.brownfield.ios.example.Brownfield-iOS-App";
				PRODUCT_NAME = "$(TARGET_NAME)";
				REGISTER_APP_GROUPS = YES;
				SDKROOT = auto;
				STRING_CATALOG_GENERATE_SYMBOLS = YES;
				SUPPORTED_PLATFORMS = "iphoneos iphonesimulator macosx xros xrsimulator";
				SWIFT_ACTIVE_COMPILATION_CONDITIONS = "$(inherited) USE_EXPO_HOST";
				SWIFT_APPROACHABLE_CONCURRENCY = YES;
				SWIFT_DEFAULT_ACTOR_ISOLATION = MainActor;
				SWIFT_EMIT_LOC_STRINGS = YES;
				SWIFT_UPCOMING_FEATURE_MEMBER_IMPORT_VISIBILITY = YES;
				SWIFT_VERSION = 5.0;
				TARGETED_DEVICE_FAMILY = "1,2,7";
				USE_EXPO_HOST_STATUS_BAR_APPEARANCE = NO;
				XROS_DEPLOYMENT_TARGET = 2.0;
			};
			name = "Release Expo";
		};
		7A1B2C3D4E5F60718293A503 /* Debug Vanilla */ = {
			isa = XCBuildConfiguration;
			buildSettings = {
				ASSETCATALOG_COMPILER_APPICON_NAME = AppIcon;
				ASSETCATALOG_COMPILER_GLOBAL_ACCENT_COLOR_NAME = AccentColor;
				CODE_SIGN_STYLE = Automatic;
				CURRENT_PROJECT_VERSION = 1;
				DEAD_CODE_STRIPPING = YES;
				ENABLE_APP_SANDBOX = YES;
				ENABLE_PREVIEWS = YES;
				ENABLE_USER_SELECTED_FILES = readonly;
				GENERATE_INFOPLIST_FILE = YES;
				INFOPLIST_FILE = "Brownfield-Apple-App-Info.plist";
				"INFOPLIST_KEY_UIApplicationSceneManifest_Generation[sdk=iphoneos*]" = YES;
				"INFOPLIST_KEY_UIApplicationSceneManifest_Generation[sdk=iphonesimulator*]" = YES;
				"INFOPLIST_KEY_UIApplicationSupportsIndirectInputEvents[sdk=iphoneos*]" = YES;
				"INFOPLIST_KEY_UIApplicationSupportsIndirectInputEvents[sdk=iphonesimulator*]" = YES;
				"INFOPLIST_KEY_UILaunchScreen_Generation[sdk=iphoneos*]" = YES;
				"INFOPLIST_KEY_UILaunchScreen_Generation[sdk=iphonesimulator*]" = YES;
				"INFOPLIST_KEY_UIStatusBarStyle[sdk=iphoneos*]" = UIStatusBarStyleDefault;
				"INFOPLIST_KEY_UIStatusBarStyle[sdk=iphonesimulator*]" = UIStatusBarStyleDefault;
				INFOPLIST_KEY_UISupportedInterfaceOrientations_iPad = "UIInterfaceOrientationPortrait UIInterfaceOrientationPortraitUpsideDown UIInterfaceOrientationLandscapeLeft UIInterfaceOrientationLandscapeRight";
				INFOPLIST_KEY_UISupportedInterfaceOrientations_iPhone = "UIInterfaceOrientationPortrait UIInterfaceOrientationLandscapeLeft UIInterfaceOrientationLandscapeRight";
				INFOPLIST_KEY_UIViewControllerBasedStatusBarAppearance = "$(USE_EXPO_HOST_STATUS_BAR_APPEARANCE)";
				IPHONEOS_DEPLOYMENT_TARGET = 15.1;
				LD_RUNPATH_SEARCH_PATHS = "@executable_path/Frameworks";
				"LD_RUNPATH_SEARCH_PATHS[sdk=macosx*]" = "@executable_path/../Frameworks";
				MACOSX_DEPLOYMENT_TARGET = 14.0;
				MARKETING_VERSION = 1.0;
				PRODUCT_BUNDLE_IDENTIFIER = "com.callstack.brownfield.ios.example.Brownfield-iOS-App";
				PRODUCT_NAME = "$(TARGET_NAME)";
				REGISTER_APP_GROUPS = YES;
				SDKROOT = auto;
				STRING_CATALOG_GENERATE_SYMBOLS = YES;
				SUPPORTED_PLATFORMS = "iphoneos iphonesimulator macosx xros xrsimulator";
				SWIFT_ACTIVE_COMPILATION_CONDITIONS = "$(inherited)";
				SWIFT_APPROACHABLE_CONCURRENCY = YES;
				SWIFT_DEFAULT_ACTOR_ISOLATION = MainActor;
				SWIFT_EMIT_LOC_STRINGS = YES;
				SWIFT_UPCOMING_FEATURE_MEMBER_IMPORT_VISIBILITY = YES;
				SWIFT_VERSION = 5.0;
				TARGETED_DEVICE_FAMILY = "1,2,7";
				USE_EXPO_HOST_STATUS_BAR_APPEARANCE = YES;
				XROS_DEPLOYMENT_TARGET = 2.0;
			};
			name = "Debug Vanilla";
		};
		7A1B2C3D4E5F60718293A504 /* Release Vanilla */ = {
			isa = XCBuildConfiguration;
			buildSettings = {
				ASSETCATALOG_COMPILER_APPICON_NAME = AppIcon;
				ASSETCATALOG_COMPILER_GLOBAL_ACCENT_COLOR_NAME = AccentColor;
				CODE_SIGN_STYLE = Automatic;
				CURRENT_PROJECT_VERSION = 1;
				DEAD_CODE_STRIPPING = YES;
				ENABLE_APP_SANDBOX = YES;
				ENABLE_PREVIEWS = YES;
				ENABLE_USER_SELECTED_FILES = readonly;
				GENERATE_INFOPLIST_FILE = YES;
				INFOPLIST_FILE = "Brownfield-Apple-App-Info.plist";
				"INFOPLIST_KEY_UIApplicationSceneManifest_Generation[sdk=iphoneos*]" = YES;
				"INFOPLIST_KEY_UIApplicationSceneManifest_Generation[sdk=iphonesimulator*]" = YES;
				"INFOPLIST_KEY_UIApplicationSupportsIndirectInputEvents[sdk=iphoneos*]" = YES;
				"INFOPLIST_KEY_UIApplicationSupportsIndirectInputEvents[sdk=iphonesimulator*]" = YES;
				"INFOPLIST_KEY_UILaunchScreen_Generation[sdk=iphoneos*]" = YES;
				"INFOPLIST_KEY_UILaunchScreen_Generation[sdk=iphonesimulator*]" = YES;
				"INFOPLIST_KEY_UIStatusBarStyle[sdk=iphoneos*]" = UIStatusBarStyleDefault;
				"INFOPLIST_KEY_UIStatusBarStyle[sdk=iphonesimulator*]" = UIStatusBarStyleDefault;
				INFOPLIST_KEY_UISupportedInterfaceOrientations_iPad = "UIInterfaceOrientationPortrait UIInterfaceOrientationPortraitUpsideDown UIInterfaceOrientationLandscapeLeft UIInterfaceOrientationLandscapeRight";
				INFOPLIST_KEY_UISupportedInterfaceOrientations_iPhone = "UIInterfaceOrientationPortrait UIInterfaceOrientationLandscapeLeft UIInterfaceOrientationLandscapeRight";
				INFOPLIST_KEY_UIViewControllerBasedStatusBarAppearance = "$(USE_EXPO_HOST_STATUS_BAR_APPEARANCE)";
				IPHONEOS_DEPLOYMENT_TARGET = 15.1;
				LD_RUNPATH_SEARCH_PATHS = "@executable_path/Frameworks";
				"LD_RUNPATH_SEARCH_PATHS[sdk=macosx*]" = "@executable_path/../Frameworks";
				MACOSX_DEPLOYMENT_TARGET = 14.0;
				MARKETING_VERSION = 1.0;
				PRODUCT_BUNDLE_IDENTIFIER = "com.callstack.brownfield.ios.example.Brownfield-iOS-App";
				PRODUCT_NAME = "$(TARGET_NAME)";
				REGISTER_APP_GROUPS = YES;
				SDKROOT = auto;
				STRING_CATALOG_GENERATE_SYMBOLS = YES;
				SUPPORTED_PLATFORMS = "iphoneos iphonesimulator macosx xros xrsimulator";
				SWIFT_ACTIVE_COMPILATION_CONDITIONS = "$(inherited)";
				SWIFT_APPROACHABLE_CONCURRENCY = YES;
				SWIFT_DEFAULT_ACTOR_ISOLATION = MainActor;
				SWIFT_EMIT_LOC_STRINGS = YES;
				SWIFT_UPCOMING_FEATURE_MEMBER_IMPORT_VISIBILITY = YES;
				SWIFT_VERSION = 5.0;
				TARGETED_DEVICE_FAMILY = "1,2,7";
				USE_EXPO_HOST_STATUS_BAR_APPEARANCE = YES;
				XROS_DEPLOYMENT_TARGET = 2.0;
			};
			name = "Release Vanilla";
		};
/* End XCBuildConfiguration section */

/* Begin XCConfigurationList section */
		793C76A22EEBF938008A2A34 /* Build configuration list for PBXProject "Brownfield Apple App" */ = {
			isa = XCConfigurationList;
			buildConfigurations = (
				793C76B02EEBF939008A2A34 /* Debug Expo */,
				793C76B12EEBF939008A2A34 /* Release Expo */,
				7A1B2C3D4E5F60718293A401 /* Debug Vanilla */,
				7A1B2C3D4E5F60718293A402 /* Release Vanilla */,
			);
			defaultConfigurationIsVisible = 0;
			defaultConfigurationName = "Release Expo";
		};
		793C76B22EEBF939008A2A34 /* Build configuration list for PBXNativeTarget "Brownfield Apple App (RNApp)" */ = {
			isa = XCConfigurationList;
			buildConfigurations = (
				793C76B32EEBF939008A2A34 /* Debug Expo */,
				793C76B42EEBF939008A2A34 /* Release Expo */,
				7A1B2C3D4E5F60718293A403 /* Debug Vanilla */,
				7A1B2C3D4E5F60718293A404 /* Release Vanilla */,
			);
			defaultConfigurationIsVisible = 0;
			defaultConfigurationName = "Release Expo";
		};
		79B8BE7B2FB7270E00B94C6F /* Build configuration list for PBXNativeTarget "Brownfield Apple App (ExpoApp54)" */ = {
			isa = XCConfigurationList;
			buildConfigurations = (
				79B8BE7C2FB7270E00B94C6F /* Debug Expo */,
				79B8BE7D2FB7270E00B94C6F /* Release Expo */,
				79B8BE7E2FB7270E00B94C6F /* Debug Vanilla */,
				79B8BE7F2FB7270E00B94C6F /* Release Vanilla */,
			);
			defaultConfigurationIsVisible = 0;
			defaultConfigurationName = "Release Expo";
		};
		79B8BE962FB7273600B94C6F /* Build configuration list for PBXNativeTarget "Brownfield Apple App (ExpoApp55)" */ = {
			isa = XCConfigurationList;
			buildConfigurations = (
				79B8BE972FB7273600B94C6F /* Debug Expo */,
				79B8BE982FB7273600B94C6F /* Release Expo */,
				79B8BE992FB7273600B94C6F /* Debug Vanilla */,
				79B8BE9A2FB7273600B94C6F /* Release Vanilla */,
			);
			defaultConfigurationIsVisible = 0;
			defaultConfigurationName = "Release Expo";
		};
		7A1B2C3D4E5F60718293A405 /* Build configuration list for PBXNativeTarget "Brownfield Apple App (ExpoAppBeta)" */ = {
			isa = XCConfigurationList;
			buildConfigurations = (
				7A1B2C3D4E5F60718293A501 /* Debug Expo */,
				7A1B2C3D4E5F60718293A502 /* Release Expo */,
				7A1B2C3D4E5F60718293A503 /* Debug Vanilla */,
				7A1B2C3D4E5F60718293A504 /* Release Vanilla */,
			);
			defaultConfigurationIsVisible = 0;
			defaultConfigurationName = "Release Expo";
		};
/* End XCConfigurationList section */
	};
	rootObject = 793C769F2EEBF938008A2A34 /* Project object */;
}
